// !$*UTF8*$!
{
	archiveVersion = 1;
	classes = {
	};
	objectVersion = 55;
	objects = {

/* Begin PBXBuildFile section */
		2D52BB122FD96193003E34FA /* SPMacro.swift in Sources */ = {isa = PBXBuildFile; fileRef = 2D52BB112FD96193003E34FA /* SPMacro.swift */; };
		2D6B1D812FDBA59C00B9B9B2 /* FHXNavigationView.swift in Sources */ = {isa = PBXBuildFile; fileRef = 2D6B1D7D2FDBA59C00B9B9B2 /* FHXNavigationView.swift */; };
		2D6B1FD02FDBF97C00B9B9B2 /* Documentation.swift in Sources */ = {isa = PBXBuildFile; fileRef = 2D6B1FCF2FDBF97C00B9B9B2 /* Documentation.swift */; };
		2D7DA8F72FD129E600E83F11 /* FHXLog.swift in Sources */ = {isa = PBXBuildFile; fileRef = 2D7DA8F62FD129E600E83F11 /* FHXLog.swift */; };
		2D7DA8F92FD12A6700E83F11 /* FHXLogStore.swift in Sources */ = {isa = PBXBuildFile; fileRef = 2D7DA8F82FD12A6700E83F11 /* FHXLogStore.swift */; };
		3F795DCF284F408C00D585B4 /* AppDelegate.swift in Sources */ = {isa = PBXBuildFile; fileRef = 3F795DCE284F408C00D585B4 /* AppDelegate.swift */; };
		3F795DD1284F408C00D585B4 /* SceneDelegate.swift in Sources */ = {isa = PBXBuildFile; fileRef = 3F795DD0284F408C00D585B4 /* SceneDelegate.swift */; };
		3F795DD3284F408C00D585B4 /* ViewController.swift in Sources */ = {isa = PBXBuildFile; fileRef = 3F795DD2284F408C00D585B4 /* ViewController.swift */; };
		3F795DD6284F408C00D585B4 /* Main.storyboard in Resources */ = {isa = PBXBuildFile; fileRef = 3F795DD4284F408C00D585B4 /* Main.storyboard */; };
		3F795DD8284F408D00D585B4 /* Assets.xcassets in Resources */ = {isa = PBXBuildFile; fileRef = 3F795DD7284F408D00D585B4 /* Assets.xcassets */; };
		3F795DDB284F408D00D585B4 /* LaunchScreen.storyboard in Resources */ = {isa = PBXBuildFile; fileRef = 3F795DD9284F408D00D585B4 /* LaunchScreen.storyboard */; };
		49AE62EC9825619C4DA5B8DD /* Pods_SwiftDemol.framework in Frameworks */ = {isa = PBXBuildFile; fileRef = D353D6D9F689423FACD14AE9 /* Pods_SwiftDemol.framework */; };
		8878B49C2FFFE304005C6907 /* Format.swift in Sources */ = {isa = PBXBuildFile; fileRef = 8878B49B2FFFE304005C6907 /* Format.swift */; };
		8890CE5A2FEF5D1E003D76E4 /* FHXURLSessionSwizzle.swift in Sources */ = {isa = PBXBuildFile; fileRef = 8890CE572FEF5D1E003D76E4 /* FHXURLSessionSwizzle.swift */; };
		8890CE5B2FEF5D1E003D76E4 /* URLSession+FHXCompletion.swift in Sources */ = {isa = PBXBuildFile; fileRef = 8890CE582FEF5D1E003D76E4 /* URLSession+FHXCompletion.swift */; };
		8890CE5C2FEF5D1E003D76E4 /* URLSessionTask+FHX.swift in Sources */ = {isa = PBXBuildFile; fileRef = 8890CE592FEF5D1E003D76E4 /* URLSessionTask+FHX.swift */; };
		8894E5A12FE2C62C00382BB0 /* FHXToolHistoryView.swift in Sources */ = {isa = PBXBuildFile; fileRef = 8894E5A02FE2C62C00382BB0 /* FHXToolHistoryView.swift */; };
		8895198F2FED553B00E43CF0 /* FHXNetworkLogModel.swift in Sources */ = {isa = PBXBuildFile; fileRef = 8895198E2FED553B00E43CF0 /* FHXNetworkLogModel.swift */; };
		889519912FED555700E43CF0 /* FHXNetworkStore.swift in Sources */ = {isa = PBXBuildFile; fileRef = 889519902FED555700E43CF0 /* FHXNetworkStore.swift */; };
		889519932FED569E00E43CF0 /* FHXDebugKit.swift in Sources */ = {isa = PBXBuildFile; fileRef = 889519922FED569E00E43CF0 /* FHXDebugKit.swift */; };
		889519952FED56B100E43CF0 /* FHXNetworkInterceptor.swift in Sources */ = {isa = PBXBuildFile; fileRef = 889519942FED56B100E43CF0 /* FHXNetworkInterceptor.swift */; };
		889519992FED586F00E43CF0 /* URLSessionConfiguration+Swizzle.swift in Sources */ = {isa = PBXBuildFile; fileRef = 889519982FED586F00E43CF0 /* URLSessionConfiguration+Swizzle.swift */; };
		8895199B2FED5A5800E43CF0 /* FHXURLProtocol.swift in Sources */ = {isa = PBXBuildFile; fileRef = 8895199A2FED5A5800E43CF0 /* FHXURLProtocol.swift */; };
		88999D8A30146D680097C96F /* FHXSandboxCell.swift in Sources */ = {isa = PBXBuildFile; fileRef = 88999D8130146D680097C96F /* FHXSandboxCell.swift */; };
		88999D8B30146D680097C96F /* FHXSandboxViewController.swift in Sources */ = {isa = PBXBuildFile; fileRef = 88999D8830146D680097C96F /* FHXSandboxViewController.swift */; };
		88999D8C30146D680097C96F /* FHXSandboxManager.swift in Sources */ = {isa = PBXBuildFile; fileRef = 88999D8330146D680097C96F /* FHXSandboxManager.swift */; };
		88999D8D30146D680097C96F /* FHXSandboxModel.swift in Sources */ = {isa = PBXBuildFile; fileRef = 88999D8530146D680097C96F /* FHXSandboxModel.swift */; };
		88999D8F301471C60097C96F /* FHXSandboxPreviewController.swift in Sources */ = {isa = PBXBuildFile; fileRef = 88999D8E301471C60097C96F /* FHXSandboxPreviewController.swift */; };
		88999D91301473A70097C96F /* FHXTextPreview.swift in Sources */ = {isa = PBXBuildFile; fileRef = 88999D90301473A70097C96F /* FHXTextPreview.swift */; };
		88999D93301477BD0097C96F /* FHXImagePreview.swift in Sources */ = {isa = PBXBuildFile; fileRef = 88999D92301477BD0097C96F /* FHXImagePreview.swift */; };
		88999D973014784C0097C96F /* FHXPDFPreview.swift in Sources */ = {isa = PBXBuildFile; fileRef = 88999D963014784C0097C96F /* FHXPDFPreview.swift */; };
		88999D99301478B40097C96F /* FHXMediaPreview.swift in Sources */ = {isa = PBXBuildFile; fileRef = 88999D98301478B30097C96F /* FHXMediaPreview.swift */; };
		88999DA33014D5940097C96F /* test.log in Resources */ = {isa = PBXBuildFile; fileRef = 88999D9B3014D5940097C96F /* test.log */; };
		88999DA43014D5940097C96F /* test.png in Resources */ = {isa = PBXBuildFile; fileRef = 88999DA03014D5940097C96F /* test.png */; };
		88999DA53014D5940097C96F /* test.json in Resources */ = {isa = PBXBuildFile; fileRef = 88999D9A3014D5940097C96F /* test.json */; };
		88999DA63014D5940097C96F /* test.mp3 in Resources */ = {isa = PBXBuildFile; fileRef = 88999D9C3014D5940097C96F /* test.mp3 */; };
		88999DA73014D5940097C96F /* test.plist in Resources */ = {isa = PBXBuildFile; fileRef = 88999D9F3014D5940097C96F /* test.plist */; };
		88999DA83014D5940097C96F /* test.txt in Resources */ = {isa = PBXBuildFile; fileRef = 88999DA13014D5940097C96F /* test.txt */; };
		88999DA93014D5940097C96F /* test.pdf in Resources */ = {isa = PBXBuildFile; fileRef = 88999D9E3014D5940097C96F /* test.pdf */; };
		88999DAA3014D5940097C96F /* test.mp4 in Resources */ = {isa = PBXBuildFile; fileRef = 88999D9D3014D5940097C96F /* test.mp4 */; };
		88999DAC3014D5C50097C96F /* FHXSandboxTestImporter.swift in Sources */ = {isa = PBXBuildFile; fileRef = 88999DAB3014D5C50097C96F /* FHXSandboxTestImporter.swift */; };
		88999DAE3014E8AF0097C96F /* test.zip in Resources */ = {isa = PBXBuildFile; fileRef = 88999DAD3014E8AF0097C96F /* test.zip */; };
		88999DB03014E9BB0097C96F /* test.sqlite.text in Resources */ = {isa = PBXBuildFile; fileRef = 88999DAF3014E9BB0097C96F /* test.sqlite.text */; };
		88999DB23014EAA40097C96F /* test.docx in Resources */ = {isa = PBXBuildFile; fileRef = 88999DB13014EAA40097C96F /* test.docx */; };
		88999DB43014EBE80097C96F /* FHXOfficePreview.swift in Sources */ = {isa = PBXBuildFile; fileRef = 88999DB33014EBE80097C96F /* FHXOfficePreview.swift */; };
		88999DB93014F0390097C96F /* test.pptx in Resources */ = {isa = PBXBuildFile; fileRef = 88999DB73014F0390097C96F /* test.pptx */; };
		88999DBA3014F0390097C96F /* test.xlsx in Resources */ = {isa = PBXBuildFile; fileRef = 88999DB83014F0390097C96F /* test.xlsx */; };
		88999DBE3014F5D40097C96F /* test.doc in Resources */ = {isa = PBXBuildFile; fileRef = 88999DBB3014F5D40097C96F /* test.doc */; };
		88999DBF3014F5D40097C96F /* test.xls in Resources */ = {isa = PBXBuildFile; fileRef = 88999DBD3014F5D40097C96F /* test.xls */; };
		88999DC03014F5D40097C96F /* test.ppt in Resources */ = {isa = PBXBuildFile; fileRef = 88999DBC3014F5D40097C96F /* test.ppt */; };
		88999DC33014F8110097C96F /* test.jpeg in Resources */ = {isa = PBXBuildFile; fileRef = 88999DC13014F8110097C96F /* test.jpeg */; };
		88999DC43014F8110097C96F /* test.jpg in Resources */ = {isa = PBXBuildFile; fileRef = 88999DC23014F8110097C96F /* test.jpg */; };
		88999DC63014FA6D0097C96F /* test.tif in Resources */ = {isa = PBXBuildFile; fileRef = 88999DC53014FA6D0097C96F /* test.tif */; };
		88999DC83014FB490097C96F /* test.gif in Resources */ = {isa = PBXBuildFile; fileRef = 88999DC73014FB490097C96F /* test.gif */; };
		88999DCA3014FCB20097C96F /* FHXGIFPreview.swift in Sources */ = {isa = PBXBuildFile; fileRef = 88999DC93014FCB20097C96F /* FHXGIFPreview.swift */; };
		88999DCC301501E70097C96F /* test.svg in Resources */ = {isa = PBXBuildFile; fileRef = 88999DCB301501E70097C96F /* test.svg */; };
		88999DCE301503230097C96F /* FHXSVGPreview.swift in Sources */ = {isa = PBXBuildFile; fileRef = 88999DCD301503230097C96F /* FHXSVGPreview.swift */; };
		88999DD03015083B0097C96F /* FHXTIFPreview.swift in Sources */ = {isa = PBXBuildFile; fileRef = 88999DCF3015083B0097C96F /* FHXTIFPreview.swift */; };
		88999DD4301509B00097C96F /* test.webp in Resources */ = {isa = PBXBuildFile; fileRef = 88999DD2301509B00097C96F /* test.webp */; };
		88999DD830150B500097C96F /* test.heic in Resources */ = {isa = PBXBuildFile; fileRef = 88999DD730150B500097C96F /* test.heic */; };
		889FA6C62FDD76B6000F8865 /* FHXExportView.swift in Sources */ = {isa = PBXBuildFile; fileRef = 889FA6C52FDD76B6000F8865 /* FHXExportView.swift */; };
		889FA6CA2FDEDD51000F8865 /* FHXLogViewController.swift in Sources */ = {isa = PBXBuildFile; fileRef = 889FA6C82FDEDD51000F8865 /* FHXLogViewController.swift */; };
		889FA6CB2FDEDD51000F8865 /* FHXLogCell.swift in Sources */ = {isa = PBXBuildFile; fileRef = 889FA6C72FDEDD51000F8865 /* FHXLogCell.swift */; };
		889FA6D12FDEE0AC000F8865 /* FHXToolCurrentView.swift in Sources */ = {isa = PBXBuildFile; fileRef = 889FA6D02FDEE0AC000F8865 /* FHXToolCurrentView.swift */; };
		88BE65EA300662F60017EBD6 /* FHXDetailView.swift in Sources */ = {isa = PBXBuildFile; fileRef = 88BE65E9300662F60017EBD6 /* FHXDetailView.swift */; };
		88E55E812FD6E548000C065D /* file.bundle in Resources */ = {isa = PBXBuildFile; fileRef = 88E55E802FD6E548000C065D /* file.bundle */; };
		88E55E832FD6FB9A000C065D /* FHXLogNotification.swift in Sources */ = {isa = PBXBuildFile; fileRef = 88E55E822FD6FB9A000C065D /* FHXLogNotification.swift */; };
		88E8A1DA2FE78CFF00E35F61 /* FHXToolSubMenuView.swift in Sources */ = {isa = PBXBuildFile; fileRef = 88E8A1D82FE78CFF00E35F61 /* FHXToolSubMenuView.swift */; };
		88E8A1DB2FE78CFF00E35F61 /* ToolHistoryPopupView.swift in Sources */ = {isa = PBXBuildFile; fileRef = 88E8A1D32FE78CFF00E35F61 /* ToolHistoryPopupView.swift */; };
		88E8A1DC2FE78CFF00E35F61 /* ToolCurrentPopupView.swift in Sources */ = {isa = PBXBuildFile; fileRef = 88E8A1D12FE78CFF00E35F61 /* ToolCurrentPopupView.swift */; };
		88E8A1DD2FE78CFF00E35F61 /* FHXToolMenuView.swift in Sources */ = {isa = PBXBuildFile; fileRef = 88E8A1D62FE78CFF00E35F61 /* FHXToolMenuView.swift */; };
		88E8A1DE2FE78CFF00E35F61 /* FHXToolSubMenuCell.swift in Sources */ = {isa = PBXBuildFile; fileRef = 88E8A1D72FE78CFF00E35F61 /* FHXToolSubMenuCell.swift */; };
		88E8A1DF2FE78CFF00E35F61 /* FHXToolMenuCell.swift in Sources */ = {isa = PBXBuildFile; fileRef = 88E8A1D52FE78CFF00E35F61 /* FHXToolMenuCell.swift */; };
		88E8A1E12FE79EC900E35F61 /* FHXSearchView.swift in Sources */ = {isa = PBXBuildFile; fileRef = 88E8A1E02FE79EC900E35F61 /* FHXSearchView.swift */; };
/* End PBXBuildFile section */

/* Begin PBXFileReference section */
		2D52BB112FD96193003E34FA /* SPMacro.swift */ = {isa = PBXFileReference; lastKnownFileType = sourcecode.swift; path = SPMacro.swift; sourceTree = "<group>"; };
		2D6B1D7D2FDBA59C00B9B9B2 /* FHXNavigationView.swift */ = {isa = PBXFileReference; lastKnownFileType = sourcecode.swift; path = FHXNavigationView.swift; sourceTree = "<group>"; };
		2D6B1FCF2FDBF97C00B9B9B2 /* Documentation.swift */ = {isa = PBXFileReference; lastKnownFileType = sourcecode.swift; path = Documentation.swift; sourceTree = "<group>"; };
		2D7DA8F62FD129E600E83F11 /* FHXLog.swift */ = {isa = PBXFileReference; lastKnownFileType = sourcecode.swift; path = FHXLog.swift; sourceTree = "<group>"; };
		2D7DA8F82FD12A6700E83F11 /* FHXLogStore.swift */ = {isa = PBXFileReference; lastKnownFileType = sourcecode.swift; path = FHXLogStore.swift; sourceTree = "<group>"; };
		3F795DCB284F408C00D585B4 /* SwiftDemol.app */ = {isa = PBXFileReference; explicitFileType = wrapper.application; includeInIndex = 0; path = SwiftDemol.app; sourceTree = BUILT_PRODUCTS_DIR; };
		3F795DCE284F408C00D585B4 /* AppDelegate.swift */ = {isa = PBXFileReference; lastKnownFileType = sourcecode.swift; path = AppDelegate.swift; sourceTree = "<group>"; };
		3F795DD0284F408C00D585B4 /* SceneDelegate.swift */ = {isa = PBXFileReference; lastKnownFileType = sourcecode.swift; path = SceneDelegate.swift; sourceTree = "<group>"; };
		3F795DD2284F408C00D585B4 /* ViewController.swift */ = {isa = PBXFileReference; lastKnownFileType = sourcecode.swift; path = ViewController.swift; sourceTree = "<group>"; };
		3F795DD5284F408C00D585B4 /* Base */ = {isa = PBXFileReference; lastKnownFileType = file.storyboard; name = Base; path = Base.lproj/Main.storyboard; sourceTree = "<group>"; };
		3F795DD7284F408D00D585B4 /* Assets.xcassets */ = {isa = PBXFileReference; lastKnownFileType = folder.assetcatalog; path = Assets.xcassets; sourceTree = "<group>"; };
		3F795DDA284F408D00D585B4 /* Base */ = {isa = PBXFileReference; lastKnownFileType = file.storyboard; name = Base; path = Base.lproj/LaunchScreen.storyboard; sourceTree = "<group>"; };
		3F795DDC284F408D00D585B4 /* Info.plist */ = {isa = PBXFileReference; lastKnownFileType = text.plist.xml; path = Info.plist; sourceTree = "<group>"; };
		8878B49B2FFFE304005C6907 /* Format.swift */ = {isa = PBXFileReference; lastKnownFileType = sourcecode.swift; path = Format.swift; sourceTree = "<group>"; };
		8890CE572FEF5D1E003D76E4 /* FHXURLSessionSwizzle.swift */ = {isa = PBXFileReference; lastKnownFileType = sourcecode.swift; path = FHXURLSessionSwizzle.swift; sourceTree = "<group>"; };
		8890CE582FEF5D1E003D76E4 /* URLSession+FHXCompletion.swift */ = {isa = PBXFileReference; lastKnownFileType = sourcecode.swift; path = "URLSession+FHXCompletion.swift"; sourceTree = "<group>"; };
		8890CE592FEF5D1E003D76E4 /* URLSessionTask+FHX.swift */ = {isa = PBXFileReference; lastKnownFileType = sourcecode.swift; path = "URLSessionTask+FHX.swift"; sourceTree = "<group>"; };
		8894E5A02FE2C62C00382BB0 /* FHXToolHistoryView.swift */ = {isa = PBXFileReference; lastKnownFileType = sourcecode.swift; path = FHXToolHistoryView.swift; sourceTree = "<group>"; };
		8895198E2FED553B00E43CF0 /* FHXNetworkLogModel.swift */ = {isa = PBXFileReference; lastKnownFileType = sourcecode.swift; path = FHXNetworkLogModel.swift; sourceTree = "<group>"; };
		889519902FED555700E43CF0 /* FHXNetworkStore.swift */ = {isa = PBXFileReference; lastKnownFileType = sourcecode.swift; path = FHXNetworkStore.swift; sourceTree = "<group>"; };
		889519922FED569E00E43CF0 /* FHXDebugKit.swift */ = {isa = PBXFileReference; lastKnownFileType = sourcecode.swift; path = FHXDebugKit.swift; sourceTree = "<group>"; };
		889519942FED56B100E43CF0 /* FHXNetworkInterceptor.swift */ = {isa = PBXFileReference; lastKnownFileType = sourcecode.swift; path = FHXNetworkInterceptor.swift; sourceTree = "<group>"; };
		889519982FED586F00E43CF0 /* URLSessionConfiguration+Swizzle.swift */ = {isa = PBXFileReference; lastKnownFileType = sourcecode.swift; path = "URLSessionConfiguration+Swizzle.swift"; sourceTree = "<group>"; };
		8895199A2FED5A5800E43CF0 /* FHXURLProtocol.swift */ = {isa = PBXFileReference; lastKnownFileType = sourcecode.swift; path = FHXURLProtocol.swift; sourceTree = "<group>"; };
		88999D8130146D680097C96F /* FHXSandboxCell.swift */ = {isa = PBXFileReference; lastKnownFileType = sourcecode.swift; path = FHXSandboxCell.swift; sourceTree = "<group>"; };
		88999D8330146D680097C96F /* FHXSandboxManager.swift */ = {isa = PBXFileReference; lastKnownFileType = sourcecode.swift; path = FHXSandboxManager.swift; sourceTree = "<group>"; };
		88999D8530146D680097C96F /* FHXSandboxModel.swift */ = {isa = PBXFileReference; lastKnownFileType = sourcecode.swift; path = FHXSandboxModel.swift; sourceTree = "<group>"; };
		88999D8830146D680097C96F /* FHXSandboxViewController.swift */ = {isa = PBXFileReference; lastKnownFileType = sourcecode.swift; path = FHXSandboxViewController.swift; sourceTree = "<group>"; };
		88999D8E301471C60097C96F /* FHXSandboxPreviewController.swift */ = {isa = PBXFileReference; lastKnownFileType = sourcecode.swift; path = FHXSandboxPreviewController.swift; sourceTree = "<group>"; };
		88999D90301473A70097C96F /* FHXTextPreview.swift */ = {isa = PBXFileReference; lastKnownFileType = sourcecode.swift; path = FHXTextPreview.swift; sourceTree = "<group>"; };
		88999D92301477BD0097C96F /* FHXImagePreview.swift */ = {isa = PBXFileReference; lastKnownFileType = sourcecode.swift; path = FHXImagePreview.swift; sourceTree = "<group>"; };
		88999D963014784C0097C96F /* FHXPDFPreview.swift */ = {isa = PBXFileReference; lastKnownFileType = sourcecode.swift; path = FHXPDFPreview.swift; sourceTree = "<group>"; };
		88999D98301478B30097C96F /* FHXMediaPreview.swift */ = {isa = PBXFileReference; lastKnownFileType = sourcecode.swift; path = FHXMediaPreview.swift; sourceTree = "<group>"; };
		88999D9A3014D5940097C96F /* test.json */ = {isa = PBXFileReference; lastKnownFileType = text.json; path = test.json; sourceTree = "<group>"; };
		88999D9B3014D5940097C96F /* test.log */ = {isa = PBXFileReference; lastKnownFileType = text; path = test.log; sourceTree = "<group>"; };
		88999D9C3014D5940097C96F /* test.mp3 */ = {isa = PBXFileReference; lastKnownFileType = audio.mp3; path = test.mp3; sourceTree = "<group>"; };
		88999D9D3014D5940097C96F /* test.mp4 */ = {isa = PBXFileReference; lastKnownFileType = file; path = test.mp4; sourceTree = "<group>"; };
		88999D9E3014D5940097C96F /* test.pdf */ = {isa = PBXFileReference; lastKnownFileType = image.pdf; path = test.pdf; sourceTree = "<group>"; };
		88999D9F3014D5940097C96F /* test.plist */ = {isa = PBXFileReference; lastKnownFileType = text.plist.xml; path = test.plist; sourceTree = "<group>"; };
		88999DA03014D5940097C96F /* test.png */ = {isa = PBXFileReference; lastKnownFileType = image.png; path = test.png; sourceTree = "<group>"; };
		88999DA13014D5940097C96F /* test.txt */ = {isa = PBXFileReference; lastKnownFileType = text; path = test.txt; sourceTree = "<group>"; };
		88999DAB3014D5C50097C96F /* FHXSandboxTestImporter.swift */ = {isa = PBXFileReference; lastKnownFileType = sourcecode.swift; path = FHXSandboxTestImporter.swift; sourceTree = "<group>"; };
		88999DAD3014E8AF0097C96F /* test.zip */ = {isa = PBXFileReference; lastKnownFileType = archive.zip; path = test.zip; sourceTree = "<group>"; };
		88999DAF3014E9BB0097C96F /* test.sqlite.text */ = {isa = PBXFileReference; lastKnownFileType = net.daringfireball.markdown; path = test.sqlite.text; sourceTree = "<group>"; };
		88999DB13014EAA40097C96F /* test.docx */ = {isa = PBXFileReference; lastKnownFileType = file; path = test.docx; sourceTree = "<group>"; };
		88999DB33014EBE80097C96F /* FHXOfficePreview.swift */ = {isa = PBXFileReference; lastKnownFileType = sourcecode.swift; path = FHXOfficePreview.swift; sourceTree = "<group>"; };
		88999DB73014F0390097C96F /* test.pptx */ = {isa = PBXFileReference; lastKnownFileType = file; path = test.pptx; sourceTree = "<group>"; };
		88999DB83014F0390097C96F /* test.xlsx */ = {isa = PBXFileReference; lastKnownFileType = file; path = test.xlsx; sourceTree = "<group>"; };
		88999DBB3014F5D40097C96F /* test.doc */ = {isa = PBXFileReference; lastKnownFileType = file; path = test.doc; sourceTree = "<group>"; };
		88999DBC3014F5D40097C96F /* test.ppt */ = {isa = PBXFileReference; lastKnownFileType = file; path = test.ppt; sourceTree = "<group>"; };
		88999DBD3014F5D40097C96F /* test.xls */ = {isa = PBXFileReference; lastKnownFileType = file; path = test.xls; sourceTree = "<group>"; };
		88999DC13014F8110097C96F /* test.jpeg */ = {isa = PBXFileReference; lastKnownFileType = image.jpeg; path = test.jpeg; sourceTree = "<group>"; };
		88999DC23014F8110097C96F /* test.jpg */ = {isa = PBXFileReference; lastKnownFileType = image.jpeg; path = test.jpg; sourceTree = "<group>"; };
		88999DC53014FA6D0097C96F /* test.tif */ = {isa = PBXFileReference; lastKnownFileType = image.tiff; path = test.tif; sourceTree = "<group>"; };
		88999DC73014FB490097C96F /* test.gif */ = {isa = PBXFileReference; lastKnownFileType = image.gif; path = test.gif; sourceTree = "<group>"; };
		88999DC93014FCB20097C96F /* FHXGIFPreview.swift */ = {isa = PBXFileReference; lastKnownFileType = sourcecode.swift; path = FHXGIFPreview.swift; sourceTree = "<group>"; };
		88999DCB301501E70097C96F /* test.svg */ = {isa = PBXFileReference; lastKnownFileType = text; path = test.svg; sourceTree = "<group>"; };
		88999DCD301503230097C96F /* FHXSVGPreview.swift */ = {isa = PBXFileReference; lastKnownFileType = sourcecode.swift; path = FHXSVGPreview.swift; sourceTree = "<group>"; };
		88999DCF3015083B0097C96F /* FHXTIFPreview.swift */ = {isa = PBXFileReference; lastKnownFileType = sourcecode.swift; path = FHXTIFPreview.swift; sourceTree = "<group>"; };
		88999DD2301509B00097C96F /* test.webp */ = {isa = PBXFileReference; lastKnownFileType = file; path = test.webp; sourceTree = "<group>"; };
		88999DD730150B500097C96F /* test.heic */ = {isa = PBXFileReference; lastKnownFileType = file; path = test.heic; sourceTree = "<group>"; };
		889FA6C52FDD76B6000F8865 /* FHXExportView.swift */ = {isa = PBXFileReference; lastKnownFileType = sourcecode.swift; path = FHXExportView.swift; sourceTree = "<group>"; };
		889FA6C72FDEDD51000F8865 /* FHXLogCell.swift */ = {isa = PBXFileReference; lastKnownFileType = sourcecode.swift; path = FHXLogCell.swift; sourceTree = "<group>"; };
		889FA6C82FDEDD51000F8865 /* FHXLogViewController.swift */ = {isa = PBXFileReference; lastKnownFileType = sourcecode.swift; path = FHXLogViewController.swift; sourceTree = "<group>"; };
		889FA6D02FDEE0AC000F8865 /* FHXToolCurrentView.swift */ = {isa = PBXFileReference; lastKnownFileType = sourcecode.swift; path = FHXToolCurrentView.swift; sourceTree = "<group>"; };
		88BE65E9300662F60017EBD6 /* FHXDetailView.swift */ = {isa = PBXFileReference; lastKnownFileType = sourcecode.swift; path = FHXDetailView.swift; sourceTree = "<group>"; };
		88E55E802FD6E548000C065D /* file.bundle */ = {isa = PBXFileReference; lastKnownFileType = "wrapper.plug-in"; path = file.bundle; sourceTree = "<group>"; };
		88E55E822FD6FB9A000C065D /* FHXLogNotification.swift */ = {isa = PBXFileReference; lastKnownFileType = sourcecode.swift; path = FHXLogNotification.swift; sourceTree = "<group>"; };
		88E8A1D12FE78CFF00E35F61 /* ToolCurrentPopupView.swift */ = {isa = PBXFileReference; lastKnownFileType = sourcecode.swift; path = ToolCurrentPopupView.swift; sourceTree = "<group>"; };
		88E8A1D32FE78CFF00E35F61 /* ToolHistoryPopupView.swift */ = {isa = PBXFileReference; lastKnownFileType = sourcecode.swift; path = ToolHistoryPopupView.swift; sourceTree = "<group>"; };
		88E8A1D52FE78CFF00E35F61 /* FHXToolMenuCell.swift */ = {isa = PBXFileReference; lastKnownFileType = sourcecode.swift; path = FHXToolMenuCell.swift; sourceTree = "<group>"; };
		88E8A1D62FE78CFF00E35F61 /* FHXToolMenuView.swift */ = {isa = PBXFileReference; lastKnownFileType = sourcecode.swift; path = FHXToolMenuView.swift; sourceTree = "<group>"; };
		88E8A1D72FE78CFF00E35F61 /* FHXToolSubMenuCell.swift */ = {isa = PBXFileReference; lastKnownFileType = sourcecode.swift; path = FHXToolSubMenuCell.swift; sourceTree = "<group>"; };
		88E8A1D82FE78CFF00E35F61 /* FHXToolSubMenuView.swift */ = {isa = PBXFileReference; lastKnownFileType = sourcecode.swift; path = FHXToolSubMenuView.swift; sourceTree = "<group>"; };
		88E8A1E02FE79EC900E35F61 /* FHXSearchView.swift */ = {isa = PBXFileReference; lastKnownFileType = sourcecode.swift; path = FHXSearchView.swift; sourceTree = "<group>"; };
		D353D6D9F689423FACD14AE9 /* Pods_SwiftDemol.framework */ = {isa = PBXFileReference; explicitFileType = wrapper.framework; includeInIndex = 0; path = Pods_SwiftDemol.framework; sourceTree = BUILT_PRODUCTS_DIR; };
		D4E88744082327E7CB68A8E6 /* Pods-SwiftDemol.release.xcconfig */ = {isa = PBXFileReference; includeInIndex = 1; lastKnownFileType = text.xcconfig; name = "Pods-SwiftDemol.release.xcconfig"; path = "Target Support Files/Pods-SwiftDemol/Pods-SwiftDemol.release.xcconfig"; sourceTree = "<group>"; };
		DC0004C1C6A6C906BE0C0574 /* Pods-SwiftDemol.debug.xcconfig */ = {isa = PBXFileReference; includeInIndex = 1; lastKnownFileType = text.xcconfig; name = "Pods-SwiftDemol.debug.xcconfig"; path = "Target Support Files/Pods-SwiftDemol/Pods-SwiftDemol.debug.xcconfig"; sourceTree = "<group>"; };
/* End PBXFileReference section */

/* Begin PBXFrameworksBuildPhase section */
		3F795DC8284F408C00D585B4 /* Frameworks */ = {
			isa = PBXFrameworksBuildPhase;
			buildActionMask = 2147483647;
			files = (
				49AE62EC9825619C4DA5B8DD /* Pods_SwiftDemol.framework in Frameworks */,
			);
			runOnlyForDeploymentPostprocessing = 0;
		};
/* End PBXFrameworksBuildPhase section */

/* Begin PBXGroup section */
		2D6B1D7F2FDBA59C00B9B9B2 /* NavigationView */ = {
			isa = PBXGroup;
			children = (
				2D6B1D7D2FDBA59C00B9B9B2 /* FHXNavigationView.swift */,
				889FA6D02FDEE0AC000F8865 /* FHXToolCurrentView.swift */,
				8894E5A02FE2C62C00382BB0 /* FHXToolHistoryView.swift */,
				88E8A1E02FE79EC900E35F61 /* FHXSearchView.swift */,
			);
			path = NavigationView;
			sourceTree = "<group>";
		};
		3F795DC2284F408C00D585B4 = {
			isa = PBXGroup;
			children = (
				3F795DCD284F408C00D585B4 /* SwiftDemol */,
				3F795DCC284F408C00D585B4 /* Products */,
				930FD0F6DD6DBCA1155B9611 /* Pods */,
				FA59924587F630D01B33C53A /* Frameworks */,
			);
			sourceTree = "<group>";
		};
		3F795DCC284F408C00D585B4 /* Products */ = {
			isa = PBXGroup;
			children = (
				3F795DCB284F408C00D585B4 /* SwiftDemol.app */,
			);
			name = Products;
			sourceTree = "<group>";
		};
		3F795DCD284F408C00D585B4 /* SwiftDemol */ = {
			isa = PBXGroup;
			children = (
				2D52BB112FD96193003E34FA /* SPMacro.swift */,
				3F795DCE284F408C00D585B4 /* AppDelegate.swift */,
				3F795DD0284F408C00D585B4 /* SceneDelegate.swift */,
				3F795DD2284F408C00D585B4 /* ViewController.swift */,
				2D7DA8F62FD129E600E83F11 /* FHXLog.swift */,
				2D7DA8F82FD12A6700E83F11 /* FHXLogStore.swift */,
				88E55E822FD6FB9A000C065D /* FHXLogNotification.swift */,
				889FA6C52FDD76B6000F8865 /* FHXExportView.swift */,
				8878B49B2FFFE304005C6907 /* Format.swift */,
				88999DAB3014D5C50097C96F /* FHXSandboxTestImporter.swift */,
				88999DA23014D5940097C96F /* TestResources */,
				886FEC94300FAA7A007AA4D0 /* Sandbox */,
				8895198D2FED551F00E43CF0 /* NetworkInterceptor */,
				88E8A1D92FE78CFF00E35F61 /* PopupView */,
				889FA6C92FDEDD51000F8865 /* Log */,
				2D6B1D7F2FDBA59C00B9B9B2 /* NavigationView */,
				88E55E802FD6E548000C065D /* file.bundle */,
				3F795DD4284F408C00D585B4 /* Main.storyboard */,
				3F795DD7284F408D00D585B4 /* Assets.xcassets */,
				3F795DD9284F408D00D585B4 /* LaunchScreen.storyboard */,
				3F795DDC284F408D00D585B4 /* Info.plist */,
				2D6B1FCF2FDBF97C00B9B9B2 /* Documentation.swift */,
			);
			path = SwiftDemol;
			sourceTree = "<group>";
		};
		886FEC94300FAA7A007AA4D0 /* Sandbox */ = {
			isa = PBXGroup;
			children = (
				88999D8230146D680097C96F /* Cell */,
				88999D8430146D680097C96F /* Manager */,
				88999D8630146D680097C96F /* Model */,
				88999D8730146D680097C96F /* Preview */,
				88999D8930146D680097C96F /* VC */,
			);
			path = Sandbox;
			sourceTree = "<group>";
		};
		8895198D2FED551F00E43CF0 /* NetworkInterceptor */ = {
			isa = PBXGroup;
			children = (
				8895198E2FED553B00E43CF0 /* FHXNetworkLogModel.swift */,
				889519902FED555700E43CF0 /* FHXNetworkStore.swift */,
				889519922FED569E00E43CF0 /* FHXDebugKit.swift */,
				889519942FED56B100E43CF0 /* FHXNetworkInterceptor.swift */,
				889519982FED586F00E43CF0 /* URLSessionConfiguration+Swizzle.swift */,
				8895199A2FED5A5800E43CF0 /* FHXURLProtocol.swift */,
				8890CE572FEF5D1E003D76E4 /* FHXURLSessionSwizzle.swift */,
				8890CE582FEF5D1E003D76E4 /* URLSession+FHXCompletion.swift */,
				8890CE592FEF5D1E003D76E4 /* URLSessionTask+FHX.swift */,
			);
			path = NetworkInterceptor;
			sourceTree = "<group>";
		};
		88999D8230146D680097C96F /* Cell */ = {
			isa = PBXGroup;
			children = (
				88999D8130146D680097C96F /* FHXSandboxCell.swift */,
			);
			path = Cell;
			sourceTree = "<group>";
		};
		88999D8430146D680097C96F /* Manager */ = {
			isa = PBXGroup;
			children = (
				88999D8330146D680097C96F /* FHXSandboxManager.swift */,
			);
			path = Manager;
			sourceTree = "<group>";
		};
		88999D8630146D680097C96F /* Model */ = {
			isa = PBXGroup;
			children = (
				88999D8530146D680097C96F /* FHXSandboxModel.swift */,
			);
			path = Model;
			sourceTree = "<group>";
		};
		88999D8730146D680097C96F /* Preview */ = {
			isa = PBXGroup;
			children = (
				88999D90301473A70097C96F /* FHXTextPreview.swift */,
				88999D92301477BD0097C96F /* FHXImagePreview.swift */,
				88999D963014784C0097C96F /* FHXPDFPreview.swift */,
				88999D98301478B30097C96F /* FHXMediaPreview.swift */,
				88999DB33014EBE80097C96F /* FHXOfficePreview.swift */,
				88999DC93014FCB20097C96F /* FHXGIFPreview.swift */,
				88999DCD301503230097C96F /* FHXSVGPreview.swift */,
				88999DCF3015083B0097C96F /* FHXTIFPreview.swift */,
			);
			path = Preview;
			sourceTree = "<group>";
		};
		88999D8930146D680097C96F /* VC */ = {
			isa = PBXGroup;
			children = (
				88999D8830146D680097C96F /* FHXSandboxViewController.swift */,
				88999D8E301471C60097C96F /* FHXSandboxPreviewController.swift */,
			);
			path = VC;
			sourceTree = "<group>";
		};
		88999DA23014D5940097C96F /* TestResources */ = {
			isa = PBXGroup;
			children = (
				88999DD730150B500097C96F /* test.heic */,
				88999DD2301509B00097C96F /* test.webp */,
				88999DCB301501E70097C96F /* test.svg */,
				88999DBB3014F5D40097C96F /* test.doc */,
				88999DC73014FB490097C96F /* test.gif */,
				88999DBC3014F5D40097C96F /* test.ppt */,
				88999DBD3014F5D40097C96F /* test.xls */,
				88999DB73014F0390097C96F /* test.pptx */,
				88999DB83014F0390097C96F /* test.xlsx */,
				88999D9A3014D5940097C96F /* test.json */,
				88999D9B3014D5940097C96F /* test.log */,
				88999D9C3014D5940097C96F /* test.mp3 */,
				88999D9D3014D5940097C96F /* test.mp4 */,
				88999D9E3014D5940097C96F /* test.pdf */,
				88999D9F3014D5940097C96F /* test.plist */,
				88999DA03014D5940097C96F /* test.png */,
				88999DC13014F8110097C96F /* test.jpeg */,
				88999DC23014F8110097C96F /* test.jpg */,
				88999DA13014D5940097C96F /* test.txt */,
				88999DAD3014E8AF0097C96F /* test.zip */,
				88999DAF3014E9BB0097C96F /* test.sqlite.text */,
				88999DC53014FA6D0097C96F /* test.tif */,
				88999DB13014EAA40097C96F /* test.docx */,
			);
			path = TestResources;
			sourceTree = "<group>";
		};
		889FA6C92FDEDD51000F8865 /* Log */ = {
			isa = PBXGroup;
			children = (
				889FA6C72FDEDD51000F8865 /* FHXLogCell.swift */,
				889FA6C82FDEDD51000F8865 /* FHXLogViewController.swift */,
				88BE65E9300662F60017EBD6 /* FHXDetailView.swift */,
			);
			path = Log;
			sourceTree = "<group>";
		};
		88E8A1D22FE78CFF00E35F61 /* ToolCurrentPopupView */ = {
			isa = PBXGroup;
			children = (
				88E8A1D12FE78CFF00E35F61 /* ToolCurrentPopupView.swift */,
			);
			path = ToolCurrentPopupView;
			sourceTree = "<group>";
		};
		88E8A1D42FE78CFF00E35F61 /* ToolHistoryPopupView */ = {
			isa = PBXGroup;
			children = (
				88E8A1D32FE78CFF00E35F61 /* ToolHistoryPopupView.swift */,
			);
			path = ToolHistoryPopupView;
			sourceTree = "<group>";
		};
		88E8A1D92FE78CFF00E35F61 /* PopupView */ = {
			isa = PBXGroup;
			children = (
				88E8A1D22FE78CFF00E35F61 /* ToolCurrentPopupView */,
				88E8A1D42FE78CFF00E35F61 /* ToolHistoryPopupView */,
				88E8A1D52FE78CFF00E35F61 /* FHXToolMenuCell.swift */,
				88E8A1D62FE78CFF00E35F61 /* FHXToolMenuView.swift */,
				88E8A1D72FE78CFF00E35F61 /* FHXToolSubMenuCell.swift */,
				88E8A1D82FE78CFF00E35F61 /* FHXToolSubMenuView.swift */,
			);
			path = PopupView;
			sourceTree = "<group>";
		};
		930FD0F6DD6DBCA1155B9611 /* Pods */ = {
			isa = PBXGroup;
			children = (
				DC0004C1C6A6C906BE0C0574 /* Pods-SwiftDemol.debug.xcconfig */,
				D4E88744082327E7CB68A8E6 /* Pods-SwiftDemol.release.xcconfig */,
			);
			path = Pods;
			sourceTree = "<group>";
		};
		FA59924587F630D01B33C53A /* Frameworks */ = {
			isa = PBXGroup;
			children = (
				D353D6D9F689423FACD14AE9 /* Pods_SwiftDemol.framework */,
			);
			name = Frameworks;
			sourceTree = "<group>";
		};
/* End PBXGroup section */

/* Begin PBXNativeTarget section */
		3F795DCA284F408C00D585B4 /* SwiftDemol */ = {
			isa = PBXNativeTarget;
			buildConfigurationList = 3F795DDF284F408D00D585B4 /* Build configuration list for PBXNativeTarget "SwiftDemol" */;
			buildPhases = (
				BD41D386A9D365D559955F2A /* [CP] Check Pods Manifest.lock */,
				3F795DC7284F408C00D585B4 /* Sources */,
				3F795DC8284F408C00D585B4 /* Frameworks */,
				3F795DC9284F408C00D585B4 /* Resources */,
				8B079684D96BA8F7934764F7 /* [CP] Embed Pods Frameworks */,
			);
			buildRules = (
			);
			dependencies = (
			);
			name = SwiftDemol;
			productName = SwiftDemol;
			productReference = 3F795DCB284F408C00D585B4 /* SwiftDemol.app */;
			productType = "com.apple.product-type.application";
		};
/* End PBXNativeTarget section */

/* Begin PBXProject section */
		3F795DC3284F408C00D585B4 /* Project object */ = {
			isa = PBXProject;
			attributes = {
				BuildIndependentTargetsInParallel = 1;
				LastSwiftUpdateCheck = 1340;
				LastUpgradeCheck = 1340;
				TargetAttributes = {
					3F795DCA284F408C00D585B4 = {
						CreatedOnToolsVersion = 13.4;
					};
				};
			};
			buildConfigurationList = 3F795DC6284F408C00D585B4 /* Build configuration list for PBXProject "SwiftDemol" */;
			compatibilityVersion = "Xcode 13.0";
			developmentRegion = en;
			hasScannedForEncodings = 0;
			knownRegions = (
				en,
				Base,
			);
			mainGroup = 3F795DC2284F408C00D585B4;
			productRefGroup = 3F795DCC284F408C00D585B4 /* Products */;
			projectDirPath = "";
			projectRoot = "";
			targets = (
				3F795DCA284F408C00D585B4 /* SwiftDemol */,
			);
		};
/* End PBXProject section */

/* Begin PBXResourcesBuildPhase section */
		3F795DC9284F408C00D585B4 /* Resources */ = {
			isa = PBXResourcesBuildPhase;
			buildActionMask = 2147483647;
			files = (
				88999DA33014D5940097C96F /* test.log in Resources */,
				88999DAE3014E8AF0097C96F /* test.zip in Resources */,
				88999DA43014D5940097C96F /* test.png in Resources */,
				88999DC33014F8110097C96F /* test.jpeg in Resources */,
				88999DC83014FB490097C96F /* test.gif in Resources */,
				88999DC43014F8110097C96F /* test.jpg in Resources */,
				88999DA53014D5940097C96F /* test.json in Resources */,
				88999DA63014D5940097C96F /* test.mp3 in Resources */,
				88999DD830150B500097C96F /* test.heic in Resources */,
				88999DA73014D5940097C96F /* test.plist in Resources */,
				88999DA83014D5940097C96F /* test.txt in Resources */,
				88999DBE3014F5D40097C96F /* test.doc in Resources */,
				88999DD4301509B00097C96F /* test.webp in Resources */,
				88999DBF3014F5D40097C96F /* test.xls in Resources */,
				88999DC03014F5D40097C96F /* test.ppt in Resources */,
				88999DA93014D5940097C96F /* test.pdf in Resources */,
				88999DB23014EAA40097C96F /* test.docx in Resources */,
				88999DC63014FA6D0097C96F /* test.tif in Resources */,
				88999DB93014F0390097C96F /* test.pptx in Resources */,
				88999DCC301501E70097C96F /* test.svg in Resources */,
				88999DBA3014F0390097C96F /* test.xlsx in Resources */,
				88999DAA3014D5940097C96F /* test.mp4 in Resources */,
				3F795DDB284F408D00D585B4 /* LaunchScreen.storyboard in Resources */,
				3F795DD8284F408D00D585B4 /* Assets.xcassets in Resources */,
				3F795DD6284F408C00D585B4 /* Main.storyboard in Resources */,
				88E55E812FD6E548000C065D /* file.bundle in Resources */,
				88999DB03014E9BB0097C96F /* test.sqlite.text in Resources */,
			);
			runOnlyForDeploymentPostprocessing = 0;
		};
/* End PBXResourcesBuildPhase section */

/* Begin PBXShellScriptBuildPhase section */
		8B079684D96BA8F7934764F7 /* [CP] Embed Pods Frameworks */ = {
			isa = PBXShellScriptBuildPhase;
			buildActionMask = 2147483647;
			files = (
			);
			inputFileListPaths = (
				"${PODS_ROOT}/Target Support Files/Pods-SwiftDemol/Pods-SwiftDemol-frameworks-${CONFIGURATION}-input-files.xcfilelist",
			);
			inputPaths = (
			);
			name = "[CP] Embed Pods Frameworks";
			outputFileListPaths = (
				"${PODS_ROOT}/Target Support Files/Pods-SwiftDemol/Pods-SwiftDemol-frameworks-${CONFIGURATION}-output-files.xcfilelist",
			);
			outputPaths = (
			);
			runOnlyForDeploymentPostprocessing = 0;
			shellPath = /bin/sh;
			shellScript = "\"${PODS_ROOT}/Target Support Files/Pods-SwiftDemol/Pods-SwiftDemol-frameworks.sh\"\n";
			showEnvVarsInLog = 0;
		};
		BD41D386A9D365D559955F2A /* [CP] Check Pods Manifest.lock */ = {
			isa = PBXShellScriptBuildPhase;
			buildActionMask = 2147483647;
			files = (
			);
			inputFileListPaths = (
			);
			inputPaths = (
				"${PODS_PODFILE_DIR_PATH}/Podfile.lock",
				"${PODS_ROOT}/Manifest.lock",
			);
			name = "[CP] Check Pods Manifest.lock";
			outputFileListPaths = (
			);
			outputPaths = (
				"$(DERIVED_FILE_DIR)/Pods-SwiftDemol-checkManifestLockResult.txt",
			);
			runOnlyForDeploymentPostprocessing = 0;
			shellPath = /bin/sh;
			shellScript = "diff \"${PODS_PODFILE_DIR_PATH}/Podfile.lock\" \"${PODS_ROOT}/Manifest.lock\" > /dev/null\nif [ $? != 0 ] ; then\n    # print error to STDERR\n    echo \"error: The sandbox is not in sync with the Podfile.lock. Run 'pod install' or update your CocoaPods installation.\" >&2\n    exit 1\nfi\n# This output is used by Xcode 'outputs' to avoid re-running this script phase.\necho \"SUCCESS\" > \"${SCRIPT_OUTPUT_FILE_0}\"\n";
			showEnvVarsInLog = 0;
		};
/* End PBXShellScriptBuildPhase section */

/* Begin PBXSourcesBuildPhase section */
		3F795DC7284F408C00D585B4 /* Sources */ = {
			isa = PBXSourcesBuildPhase;
			buildActionMask = 2147483647;
			files = (
				88999DCA3014FCB20097C96F /* FHXGIFPreview.swift in Sources */,
				889FA6CA2FDEDD51000F8865 /* FHXLogViewController.swift in Sources */,
				889FA6CB2FDEDD51000F8865 /* FHXLogCell.swift in Sources */,
				88BE65EA300662F60017EBD6 /* FHXDetailView.swift in Sources */,
				3F795DD3284F408C00D585B4 /* ViewController.swift in Sources */,
				88E8A1DA2FE78CFF00E35F61 /* FHXToolSubMenuView.swift in Sources */,
				88E8A1DB2FE78CFF00E35F61 /* ToolHistoryPopupView.swift in Sources */,
				88E8A1DC2FE78CFF00E35F61 /* ToolCurrentPopupView.swift in Sources */,
				88E8A1DD2FE78CFF00E35F61 /* FHXToolMenuView.swift in Sources */,
				88999D8F301471C60097C96F /* FHXSandboxPreviewController.swift in Sources */,
				8890CE5A2FEF5D1E003D76E4 /* FHXURLSessionSwizzle.swift in Sources */,
				8890CE5B2FEF5D1E003D76E4 /* URLSession+FHXCompletion.swift in Sources */,
				8890CE5C2FEF5D1E003D76E4 /* URLSessionTask+FHX.swift in Sources */,
				88999D91301473A70097C96F /* FHXTextPreview.swift in Sources */,
				88999DAC3014D5C50097C96F /* FHXSandboxTestImporter.swift in Sources */,
				889519912FED555700E43CF0 /* FHXNetworkStore.swift in Sources */,
				88E8A1DE2FE78CFF00E35F61 /* FHXToolSubMenuCell.swift in Sources */,
				88999D99301478B40097C96F /* FHXMediaPreview.swift in Sources */,
				88E8A1DF2FE78CFF00E35F61 /* FHXToolMenuCell.swift in Sources */,
				88999DD03015083B0097C96F /* FHXTIFPreview.swift in Sources */,
				889519952FED56B100E43CF0 /* FHXNetworkInterceptor.swift in Sources */,
				3F795DCF284F408C00D585B4 /* AppDelegate.swift in Sources */,
				88999DB43014EBE80097C96F /* FHXOfficePreview.swift in Sources */,
				8894E5A12FE2C62C00382BB0 /* FHXToolHistoryView.swift in Sources */,
				2D6B1D812FDBA59C00B9B9B2 /* FHXNavigationView.swift in Sources */,
				889519992FED586F00E43CF0 /* URLSessionConfiguration+Swizzle.swift in Sources */,
				889FA6D12FDEE0AC000F8865 /* FHXToolCurrentView.swift in Sources */,
				8895199B2FED5A5800E43CF0 /* FHXURLProtocol.swift in Sources */,
				88999D8A30146D680097C96F /* FHXSandboxCell.swift in Sources */,
				88999D973014784C0097C96F /* FHXPDFPreview.swift in Sources */,
				88999D8B30146D680097C96F /* FHXSandboxViewController.swift in Sources */,
				88999D8C30146D680097C96F /* FHXSandboxManager.swift in Sources */,
				88999D8D30146D680097C96F /* FHXSandboxModel.swift in Sources */,
				889FA6C62FDD76B6000F8865 /* FHXExportView.swift in Sources */,
				88E8A1E12FE79EC900E35F61 /* FHXSearchView.swift in Sources */,
				88E55E832FD6FB9A000C065D /* FHXLogNotification.swift in Sources */,
				889519932FED569E00E43CF0 /* FHXDebugKit.swift in Sources */,
				2D52BB122FD96193003E34FA /* SPMacro.swift in Sources */,
				2D7DA8F92FD12A6700E83F11 /* FHXLogStore.swift in Sources */,
				8895198F2FED553B00E43CF0 /* FHXNetworkLogModel.swift in Sources */,
				88999DCE301503230097C96F /* FHXSVGPreview.swift in Sources */,
				88999D93301477BD0097C96F /* FHXImagePreview.swift in Sources */,
				3F795DD1284F408C00D585B4 /* SceneDelegate.swift in Sources */,
				8878B49C2FFFE304005C6907 /* Format.swift in Sources */,
				2D7DA8F72FD129E600E83F11 /* FHXLog.swift in Sources */,
				2D6B1FD02FDBF97C00B9B9B2 /* Documentation.swift in Sources */,
			);
			runOnlyForDeploymentPostprocessing = 0;
		};
/* End PBXSourcesBuildPhase section */

/* Begin PBXVariantGroup section */
		3F795DD4284F408C00D585B4 /* Main.storyboard */ = {
			isa = PBXVariantGroup;
			children = (
				3F795DD5284F408C00D585B4 /* Base */,
			);
			name = Main.storyboard;
			sourceTree = "<group>";
		};
		3F795DD9284F408D00D585B4 /* LaunchScreen.storyboard */ = {
			isa = PBXVariantGroup;
			children = (
				3F795DDA284F408D00D585B4 /* Base */,
			);
			name = LaunchScreen.storyboard;
			sourceTree = "<group>";
		};
/* End PBXVariantGroup section */

/* Begin XCBuildConfiguration section */
		3F795DDD284F408D00D585B4 /* Debug */ = {
			isa = XCBuildConfiguration;
			buildSettings = {
				ALWAYS_SEARCH_USER_PATHS = NO;
				CLANG_ANALYZER_NONNULL = YES;
				CLANG_ANALYZER_NUMBER_OBJECT_CONVERSION = YES_AGGRESSIVE;
				CLANG_CXX_LANGUAGE_STANDARD = "gnu++17";
				CLANG_ENABLE_MODULES = YES;
				CLANG_ENABLE_OBJC_ARC = YES;
				CLANG_ENABLE_OBJC_WEAK = YES;
				CLANG_WARN_BLOCK_CAPTURE_AUTORELEASING = YES;
				CLANG_WARN_BOOL_CONVERSION = YES;
				CLANG_WARN_COMMA = YES;
				CLANG_WARN_CONSTANT_CONVERSION = YES;
				CLANG_WARN_DEPRECATED_OBJC_IMPLEMENTATIONS = YES;
				CLANG_WARN_DIRECT_OBJC_ISA_USAGE = YES_ERROR;
				CLANG_WARN_DOCUMENTATION_COMMENTS = YES;
				CLANG_WARN_EMPTY_BODY = YES;
				CLANG_WARN_ENUM_CONVERSION = YES;
				CLANG_WARN_INFINITE_RECURSION = YES;
				CLANG_WARN_INT_CONVERSION = YES;
				CLANG_WARN_NON_LITERAL_NULL_CONVERSION = YES;
				CLANG_WARN_OBJC_IMPLICIT_RETAIN_SELF = YES;
				CLANG_WARN_OBJC_LITERAL_CONVERSION = YES;
				CLANG_WARN_OBJC_ROOT_CLASS = YES_ERROR;
				CLANG_WARN_QUOTED_INCLUDE_IN_FRAMEWORK_HEADER = YES;
				CLANG_WARN_RANGE_LOOP_ANALYSIS = YES;
				CLANG_WARN_STRICT_PROTOTYPES = YES;
				CLANG_WARN_SUSPICIOUS_MOVE = YES;
				CLANG_WARN_UNGUARDED_AVAILABILITY = YES_AGGRESSIVE;
				CLANG_WARN_UNREACHABLE_CODE = YES;
				CLANG_WARN__DUPLICATE_METHOD_MATCH = YES;
				COPY_PHASE_STRIP = NO;
				DEBUG_INFORMATION_FORMAT = dwarf;
				ENABLE_STRICT_OBJC_MSGSEND = YES;
				ENABLE_TESTABILITY = YES;
				GCC_C_LANGUAGE_STANDARD = gnu11;
				GCC_DYNAMIC_NO_PIC = NO;
				GCC_NO_COMMON_BLOCKS = YES;
				GCC_OPTIMIZATION_LEVEL = 0;
				GCC_PREPROCESSOR_DEFINITIONS = (
					"DEBUG=1",
					"$(inherited)",
				);
				GCC_WARN_64_TO_32_BIT_CONVERSION = YES;
				GCC_WARN_ABOUT_RETURN_TYPE = YES_ERROR;
				GCC_WARN_UNDECLARED_SELECTOR = YES;
				GCC_WARN_UNINITIALIZED_AUTOS = YES_AGGRESSIVE;
				GCC_WARN_UNUSED_FUNCTION = YES;
				GCC_WARN_UNUSED_VARIABLE = YES;
				IPHONEOS_DEPLOYMENT_TARGET = 15.5;
				MTL_ENABLE_DEBUG_INFO = INCLUDE_SOURCE;
				MTL_FAST_MATH = YES;
				ONLY_ACTIVE_ARCH = YES;
				SDKROOT = iphoneos;
				SWIFT_ACTIVE_COMPILATION_CONDITIONS = DEBUG;
				SWIFT_OPTIMIZATION_LEVEL = "-Onone";
			};
			name = Debug;
		};
		3F795DDE284F408D00D585B4 /* Release */ = {
			isa = XCBuildConfiguration;
			buildSettings = {
				ALWAYS_SEARCH_USER_PATHS = NO;
				CLANG_ANALYZER_NONNULL = YES;
				CLANG_ANALYZER_NUMBER_OBJECT_CONVERSION = YES_AGGRESSIVE;
				CLANG_CXX_LANGUAGE_STANDARD = "gnu++17";
				CLANG_ENABLE_MODULES = YES;
				CLANG_ENABLE_OBJC_ARC = YES;
				CLANG_ENABLE_OBJC_WEAK = YES;
				CLANG_WARN_BLOCK_CAPTURE_AUTORELEASING = YES;
				CLANG_WARN_BOOL_CONVERSION = YES;
				CLANG_WARN_COMMA = YES;
				CLANG_WARN_CONSTANT_CONVERSION = YES;
				CLANG_WARN_DEPRECATED_OBJC_IMPLEMENTATIONS = YES;
				CLANG_WARN_DIRECT_OBJC_ISA_USAGE = YES_ERROR;
				CLANG_WARN_DOCUMENTATION_COMMENTS = YES;
				CLANG_WARN_EMPTY_BODY = YES;
				CLANG_WARN_ENUM_CONVERSION = YES;
				CLANG_WARN_INFINITE_RECURSION = YES;
				CLANG_WARN_INT_CONVERSION = YES;
				CLANG_WARN_NON_LITERAL_NULL_CONVERSION = YES;
				CLANG_WARN_OBJC_IMPLICIT_RETAIN_SELF = YES;
				CLANG_WARN_OBJC_LITERAL_CONVERSION = YES;
				CLANG_WARN_OBJC_ROOT_CLASS = YES_ERROR;
				CLANG_WARN_QUOTED_INCLUDE_IN_FRAMEWORK_HEADER = YES;
				CLANG_WARN_RANGE_LOOP_ANALYSIS = YES;
				CLANG_WARN_STRICT_PROTOTYPES = YES;
				CLANG_WARN_SUSPICIOUS_MOVE = YES;
				CLANG_WARN_UNGUARDED_AVAILABILITY = YES_AGGRESSIVE;
				CLANG_WARN_UNREACHABLE_CODE = YES;
				CLANG_WARN__DUPLICATE_METHOD_MATCH = YES;
				COPY_PHASE_STRIP = NO;
				DEBUG_INFORMATION_FORMAT = "dwarf-with-dsym";
				ENABLE_NS_ASSERTIONS = NO;
				ENABLE_STRICT_OBJC_MSGSEND = YES;
				GCC_C_LANGUAGE_STANDARD = gnu11;
				GCC_NO_COMMON_BLOCKS = YES;
				GCC_WARN_64_TO_32_BIT_CONVERSION = YES;
				GCC_WARN_ABOUT_RETURN_TYPE = YES_ERROR;
				GCC_WARN_UNDECLARED_SELECTOR = YES;
				GCC_WARN_UNINITIALIZED_AUTOS = YES_AGGRESSIVE;
				GCC_WARN_UNUSED_FUNCTION = YES;
				GCC_WARN_UNUSED_VARIABLE = YES;
				IPHONEOS_DEPLOYMENT_TARGET = 15.5;
				MTL_ENABLE_DEBUG_INFO = NO;
				MTL_FAST_MATH = YES;
				SDKROOT = iphoneos;
				SWIFT_COMPILATION_MODE = wholemodule;
				SWIFT_OPTIMIZATION_LEVEL = "-O";
				VALIDATE_PRODUCT = YES;
			};
			name = Release;
		};
		3F795DE0284F408D00D585B4 /* Debug */ = {
			isa = XCBuildConfiguration;
			baseConfigurationReference = DC0004C1C6A6C906BE0C0574 /* Pods-SwiftDemol.debug.xcconfig */;
			buildSettings = {
				ASSETCATALOG_COMPILER_APPICON_NAME = AppIcon;
				ASSETCATALOG_COMPILER_GLOBAL_ACCENT_COLOR_NAME = AccentColor;
				CODE_SIGN_STYLE = Automatic;
				CURRENT_PROJECT_VERSION = 1;
				DEVELOPMENT_TEAM = 65VAKX7D88;
				GENERATE_INFOPLIST_FILE = YES;
				INFOPLIST_FILE = SwiftDemol/Info.plist;
				INFOPLIST_KEY_CFBundleDisplayName = xxxxxx;
				INFOPLIST_KEY_NSAppleMusicUsageDescription = "App 需要您的同意才能读取媒体资料库";
				INFOPLIST_KEY_UIApplicationSupportsIndirectInputEvents = YES;
				INFOPLIST_KEY_UILaunchStoryboardName = LaunchScreen;
				INFOPLIST_KEY_UISupportedInterfaceOrientations_iPad = "UIInterfaceOrientationPortrait UIInterfaceOrientationPortraitUpsideDown UIInterfaceOrientationLandscapeLeft UIInterfaceOrientationLandscapeRight";
				INFOPLIST_KEY_UISupportedInterfaceOrientations_iPhone = "UIInterfaceOrientationPortrait UIInterfaceOrientationLandscapeLeft UIInterfaceOrientationLandscapeRight";
				IPHONEOS_DEPLOYMENT_TARGET = 14.0;
				LD_RUNPATH_SEARCH_PATHS = (
					"$(inherited)",
					"@executable_path/Frameworks",
				);
				MARKETING_VERSION = 1.0;
				PRODUCT_BUNDLE_IDENTIFIER = com.naxos.apple.moods;
				PRODUCT_NAME = "$(TARGET_NAME)";
				SWIFT_EMIT_LOC_STRINGS = YES;
				SWIFT_VERSION = 5.0;
				TARGETED_DEVICE_FAMILY = 1;
			};
			name = Debug;
		};
		3F795DE1284F408D00D585B4 /* Release */ = {
			isa = XCBuildConfiguration;
			baseConfigurationReference = D4E88744082327E7CB68A8E6 /* Pods-SwiftDemol.release.xcconfig */;
			buildSettings = {
				ASSETCATALOG_COMPILER_APPICON_NAME = AppIcon;
				ASSETCATALOG_COMPILER_GLOBAL_ACCENT_COLOR_NAME = AccentColor;
				CODE_SIGN_STYLE = Automatic;
				CURRENT_PROJECT_VERSION = 1;
				DEVELOPMENT_TEAM = 65VAKX7D88;
				GENERATE_INFOPLIST_FILE = YES;
				INFOPLIST_FILE = SwiftDemol/Info.plist;
				INFOPLIST_KEY_CFBundleDisplayName = xxxxxx;
				INFOPLIST_KEY_NSAppleMusicUsageDescription = "App 需要您的同意才能读取媒体资料库";
				INFOPLIST_KEY_UIApplicationSupportsIndirectInputEvents = YES;
				INFOPLIST_KEY_UILaunchStoryboardName = LaunchScreen;
				INFOPLIST_KEY_UISupportedInterfaceOrientations_iPad = "UIInterfaceOrientationPortrait UIInterfaceOrientationPortraitUpsideDown UIInterfaceOrientationLandscapeLeft UIInterfaceOrientationLandscapeRight";
				INFOPLIST_KEY_UISupportedInterfaceOrientations_iPhone = "UIInterfaceOrientationPortrait UIInterfaceOrientationLandscapeLeft UIInterfaceOrientationLandscapeRight";
				IPHONEOS_DEPLOYMENT_TARGET = 14.0;
				LD_RUNPATH_SEARCH_PATHS = (
					"$(inherited)",
					"@executable_path/Frameworks",
				);
				MARKETING_VERSION = 1.0;
				PRODUCT_BUNDLE_IDENTIFIER = com.naxos.apple.moods;
				PRODUCT_NAME = "$(TARGET_NAME)";
				SWIFT_EMIT_LOC_STRINGS = YES;
				SWIFT_VERSION = 5.0;
				TARGETED_DEVICE_FAMILY = 1;
			};
			name = Release;
		};
/* End XCBuildConfiguration section */

/* Begin XCConfigurationList section */
		3F795DC6284F408C00D585B4 /* Build configuration list for PBXProject "SwiftDemol" */ = {
			isa = XCConfigurationList;
			buildConfigurations = (
				3F795DDD284F408D00D585B4 /* Debug */,
				3F795DDE284F408D00D585B4 /* Release */,
			);
			defaultConfigurationIsVisible = 0;
			defaultConfigurationName = Release;
		};
		3F795DDF284F408D00D585B4 /* Build configuration list for PBXNativeTarget "SwiftDemol" */ = {
			isa = XCConfigurationList;
			buildConfigurations = (
				3F795DE0284F408D00D585B4 /* Debug */,
				3F795DE1284F408D00D585B4 /* Release */,
			);
			defaultConfigurationIsVisible = 0;
			defaultConfigurationName = Release;
		};
/* End XCConfigurationList section */
	};
	rootObject = 3F795DC3284F408C00D585B4 /* Project object */;
}
