// !$*UTF8*$!
{
	archiveVersion = 1;
	classes = {
	};
	objectVersion = 55;
	objects = {

/* Begin PBXBuildFile section */
		2D52BB122FD96193003E34FA /* SPMacro.swift in Sources */ = {isa = PBXBuildFile; fileRef = 2D52BB112FD96193003E34FA /* SPMacro.swift */; };
		2D6B1D812FDBA59C00B9B9B2 /* FHXNavigationView.swift in Sources */ = {isa = PBXBuildFile; fileRef = 2D6B1D7D2FDBA59C00B9B9B2 /* FHXNavigationView.swift */; };
		2D6B1FD02FDBF97C00B9B9B2 /* Documentation.swift in Sources */ = {isa = PBXBuildFile; fileRef = 2D6B1FCF2FDBF97C00B9B9B2 /* Documentation.swift */; };
		2D7DA8F72FD129E600E83F11 /* FHXLog.swift in Sources */ = {isa = PBXBuildFile; fileRef = 2D7DA8F62FD129E600E83F11 /* FHXLog.swift */; };
		2D7DA8F92FD12A6700E83F11 /* FHXLogStore.swift in Sources */ = {isa = PBXBuildFile; fileRef = 2D7DA8F82FD12A6700E83F11 /* FHXLogStore.swift */; };
		3F795DCF284F408C00D585B4 /* AppDelegate.swift in Sources */ = {isa = PBXBuildFile; fileRef = 3F795DCE284F408C00D585B4 /* AppDelegate.swift */; };
		3F795DD1284F408C00D585B4 /* SceneDelegate.swift in Sources */ = {isa = PBXBuildFile; fileRef = 3F795DD0284F408C00D585B4 /* SceneDelegate.swift */; };
		3F795DD3284F408C00D585B4 /* ViewController.swift in Sources */ = {isa = PBXBuildFile; fileRef = 3F795DD2284F408C00D585B4 /* ViewController.swift */; };
		3F795DD6284F408C00D585B4 /* Main.storyboard in Resources */ = {isa = PBXBuildFile; fileRef = 3F795DD4284F408C00D585B4 /* Main.storyboard */; };
		3F795DD8284F408D00D585B4 /* Assets.xcassets in Resources */ = {isa = PBXBuildFile; fileRef = 3F795DD7284F408D00D585B4 /* Assets.xcassets */; };
		3F795DDB284F408D00D585B4 /* LaunchScreen.storyboard in Resources */ = {isa = PBXBuildFile; fileRef = 3F795DD9284F408D00D585B4 /* LaunchScreen.storyboard */; };
		49AE62EC9825619C4DA5B8DD /* Pods_SwiftDemol.framework in Frameworks */ = {isa = PBXBuildFile; fileRef = D353D6D9F689423FACD14AE9 /* Pods_SwiftDemol.framework */; };
		8878B49C2FFFE304005C6907 /* Format.swift in Sources */ = {isa = PBXBuildFile; fileRef = 8878B49B2FFFE304005C6907 /* Format.swift */; };
		8890CE5A2FEF5D1E003D76E4 /* FHXURLSessionSwizzle.swift in Sources */ = {isa = PBXBuildFile; fileRef = 8890CE572FEF5D1E003D76E4 /* FHXURLSessionSwizzle.swift */; };
		8890CE5B2FEF5D1E003D76E4 /* URLSession+FHXCompletion.swift in Sources */ = {isa = PBXBuildFile; fileRef = 8890CE582FEF5D1E003D76E4 /* URLSession+FHXCompletion.swift */; };
		8890CE5C2FEF5D1E003D76E4 /* URLSessionTask+FHX.swift in Sources */ = {isa = PBXBuildFile; fileRef = 8890CE592FEF5D1E003D76E4 /* URLSessionTask+FHX.swift */; };
		8894E5A12FE2C62C00382BB0 /* FHXToolHistoryView.swift in Sources */ = {isa = PBXBuildFile; fileRef = 8894E5A02FE2C62C00382BB0 /* FHXToolHistoryView.swift */; };
		8895198F2FED553B00E43CF0 /* FHXNetworkLogModel.swift in Sources */ = {isa = PBXBuildFile; fileRef = 8895198E2FED553B00E43CF0 /* FHXNetworkLogModel.swift */; };
		889519912FED555700E43CF0 /* FHXNetworkStore.swift in Sources */ = {isa = PBXBuildFile; fileRef = 889519902FED555700E43CF0 /* FHXNetworkStore.swift */; };
		889519932FED569E00E43CF0 /* FHXDebugKit.swift in Sources */ = {isa = PBXBuildFile; fileRef = 889519922FED569E00E43CF0 /* FHXDebugKit.swift */; };
		889519952FED56B100E43CF0 /* FHXNetworkInterceptor.swift in Sources */ = {isa = PBXBuildFile; fileRef = 889519942FED56B100E43CF0 /* FHXNetworkInterceptor.swift */; };
		889519992FED586F00E43CF0 /* URLSessionConfiguration+Swizzle.swift in Sources */ = {isa = PBXBuildFile; fileRef = 889519982FED586F00E43CF0 /* URLSessionConfiguration+Swizzle.swift */; };
		8895199B2FED5A5800E43CF0 /* FHXURLProtocol.swift in Sources */ = {isa = PBXBuildFile; fileRef = 8895199A2FED5A5800E43CF0 /* FHXURLProtocol.swift */; };
		889FA6C62FDD76B6000F8865 /* FHXExportView.swift in Sources */ = {isa = PBXBuildFile; fileRef = 889FA6C52FDD76B6000F8865 /* FHXExportView.swift */; };
		889FA6CA2FDEDD51000F8865 /* FHXLogViewController.swift in Sources */ = {isa = PBXBuildFile; fileRef = 889FA6C82FDEDD51000F8865 /* FHXLogViewController.swift */; };
		889FA6CB2FDEDD51000F8865 /* FHXLogCell.swift in Sources */ = {isa = PBXBuildFile; fileRef = 889FA6C72FDEDD51000F8865 /* FHXLogCell.swift */; };
		889FA6D12FDEE0AC000F8865 /* FHXToolCurrentView.swift in Sources */ = {isa = PBXBuildFile; fileRef = 889FA6D02FDEE0AC000F8865 /* FHXToolCurrentView.swift */; };
		88E55E812FD6E548000C065D /* file.bundle in Resources */ = {isa = PBXBuildFile; fileRef = 88E55E802FD6E548000C065D /* file.bundle */; };
		88E55E832FD6FB9A000C065D /* FHXLogNotification.swift in Sources */ = {isa = PBXBuildFile; fileRef = 88E55E822FD6FB9A000C065D /* FHXLogNotification.swift */; };
		88E8A1DA2FE78CFF00E35F61 /* FHXToolSubMenuView.swift in Sources */ = {isa = PBXBuildFile; fileRef = 88E8A1D82FE78CFF00E35F61 /* FHXToolSubMenuView.swift */; };
		88E8A1DB2FE78CFF00E35F61 /* ToolHistoryPopupView.swift in Sources */ = {isa = PBXBuildFile; fileRef = 88E8A1D32FE78CFF00E35F61 /* ToolHistoryPopupView.swift */; };
		88E8A1DC2FE78CFF00E35F61 /* ToolCurrentPopupView.swift in Sources */ = {isa = PBXBuildFile; fileRef = 88E8A1D12FE78CFF00E35F61 /* ToolCurrentPopupView.swift */; };
		88E8A1DD2FE78CFF00E35F61 /* FHXToolMenuView.swift in Sources */ = {isa = PBXBuildFile; fileRef = 88E8A1D62FE78CFF00E35F61 /* FHXToolMenuView.swift */; };
		88E8A1DE2FE78CFF00E35F61 /* FHXToolSubMenuCell.swift in Sources */ = {isa = PBXBuildFile; fileRef = 88E8A1D72FE78CFF00E35F61 /* FHXToolSubMenuCell.swift */; };
		88E8A1DF2FE78CFF00E35F61 /* FHXToolMenuCell.swift in Sources */ = {isa = PBXBuildFile; fileRef = 88E8A1D52FE78CFF00E35F61 /* FHXToolMenuCell.swift */; };
		88E8A1E12FE79EC900E35F61 /* FHXSearchView.swift in Sources */ = {isa = PBXBuildFile; fileRef = 88E8A1E02FE79EC900E35F61 /* FHXSearchView.swift */; };
/* End PBXBuildFile section */

/* Begin PBXFileReference section */
		2D52BB112FD96193003E34FA /* SPMacro.swift */ = {isa = PBXFileReference; lastKnownFileType = sourcecode.swift; path = SPMacro.swift; sourceTree = "<group>"; };
		2D6B1D7D2FDBA59C00B9B9B2 /* FHXNavigationView.swift */ = {isa = PBXFileReference; lastKnownFileType = sourcecode.swift; path = FHXNavigationView.swift; sourceTree = "<group>"; };
		2D6B1FCF2FDBF97C00B9B9B2 /* Documentation.swift */ = {isa = PBXFileReference; lastKnownFileType = sourcecode.swift; path = Documentation.swift; sourceTree = "<group>"; };
		2D7DA8F62FD129E600E83F11 /* FHXLog.swift */ = {isa = PBXFileReference; lastKnownFileType = sourcecode.swift; path = FHXLog.swift; sourceTree = "<group>"; };
		2D7DA8F82FD12A6700E83F11 /* FHXLogStore.swift */ = {isa = PBXFileReference; lastKnownFileType = sourcecode.swift; path = FHXLogStore.swift; sourceTree = "<group>"; };
		3F795DCB284F408C00D585B4 /* SwiftDemol.app */ = {isa = PBXFileReference; explicitFileType = wrapper.application; includeInIndex = 0; path = SwiftDemol.app; sourceTree = BUILT_PRODUCTS_DIR; };
		3F795DCE284F408C00D585B4 /* AppDelegate.swift */ = {isa = PBXFileReference; lastKnownFileType = sourcecode.swift; path = AppDelegate.swift; sourceTree = "<group>"; };
		3F795DD0284F408C00D585B4 /* SceneDelegate.swift */ = {isa = PBXFileReference; lastKnownFileType = sourcecode.swift; path = SceneDelegate.swift; sourceTree = "<group>"; };
		3F795DD2284F408C00D585B4 /* ViewController.swift */ = {isa = PBXFileReference; lastKnownFileType = sourcecode.swift; path = ViewController.swift; sourceTree = "<group>"; };
		3F795DD5284F408C00D585B4 /* Base */ = {isa = PBXFileReference; lastKnownFileType = file.storyboard; name = Base; path = Base.lproj/Main.storyboard; sourceTree = "<group>"; };
		3F795DD7284F408D00D585B4 /* Assets.xcassets */ = {isa = PBXFileReference; lastKnownFileType = folder.assetcatalog; path = Assets.xcassets; sourceTree = "<group>"; };
		3F795DDA284F408D00D585B4 /* Base */ = {isa = PBXFileReference; lastKnownFileType = file.storyboard; name = Base; path = Base.lproj/LaunchScreen.storyboard; sourceTree = "<group>"; };
		3F795DDC284F408D00D585B4 /* Info.plist */ = {isa = PBXFileReference; lastKnownFileType = text.plist.xml; path = Info.plist; sourceTree = "<group>"; };
		8878B49B2FFFE304005C6907 /* Format.swift */ = {isa = PBXFileReference; lastKnownFileType = sourcecode.swift; path = Format.swift; sourceTree = "<group>"; };
		8890CE572FEF5D1E003D76E4 /* FHXURLSessionSwizzle.swift */ = {isa = PBXFileReference; lastKnownFileType = sourcecode.swift; path = FHXURLSessionSwizzle.swift; sourceTree = "<group>"; };
		8890CE582FEF5D1E003D76E4 /* URLSession+FHXCompletion.swift */ = {isa = PBXFileReference; lastKnownFileType = sourcecode.swift; path = "URLSession+FHXCompletion.swift"; sourceTree = "<group>"; };
		8890CE592FEF5D1E003D76E4 /* URLSessionTask+FHX.swift */ = {isa = PBXFileReference; lastKnownFileType = sourcecode.swift; path = "URLSessionTask+FHX.swift"; sourceTree = "<group>"; };
		8894E5A02FE2C62C00382BB0 /* FHXToolHistoryView.swift */ = {isa = PBXFileReference; lastKnownFileType = sourcecode.swift; path = FHXToolHistoryView.swift; sourceTree = "<group>"; };
		8895198E2FED553B00E43CF0 /* FHXNetworkLogModel.swift */ = {isa = PBXFileReference; lastKnownFileType = sourcecode.swift; path = FHXNetworkLogModel.swift; sourceTree = "<group>"; };
		889519902FED555700E43CF0 /* FHXNetworkStore.swift */ = {isa = PBXFileReference; lastKnownFileType = sourcecode.swift; path = FHXNetworkStore.swift; sourceTree = "<group>"; };
		889519922FED569E00E43CF0 /* FHXDebugKit.swift */ = {isa = PBXFileReference; lastKnownFileType = sourcecode.swift; path = FHXDebugKit.swift; sourceTree = "<group>"; };
		889519942FED56B100E43CF0 /* FHXNetworkInterceptor.swift */ = {isa = PBXFileReference; lastKnownFileType = sourcecode.swift; path = FHXNetworkInterceptor.swift; sourceTree = "<group>"; };
		889519982FED586F00E43CF0 /* URLSessionConfiguration+Swizzle.swift */ = {isa = PBXFileReference; lastKnownFileType = sourcecode.swift; path = "URLSessionConfiguration+Swizzle.swift"; sourceTree = "<group>"; };
		8895199A2FED5A5800E43CF0 /* FHXURLProtocol.swift */ = {isa = PBXFileReference; lastKnownFileType = sourcecode.swift; path = FHXURLProtocol.swift; sourceTree = "<group>"; };
		889FA6C52FDD76B6000F8865 /* FHXExportView.swift */ = {isa = PBXFileReference; lastKnownFileType = sourcecode.swift; path = FHXExportView.swift; sourceTree = "<group>"; };
		889FA6C72FDEDD51000F8865 /* FHXLogCell.swift */ = {isa = PBXFileReference; lastKnownFileType = sourcecode.swift; path = FHXLogCell.swift; sourceTree = "<group>"; };
		889FA6C82FDEDD51000F8865 /* FHXLogViewController.swift */ = {isa = PBXFileReference; lastKnownFileType = sourcecode.swift; path = FHXLogViewController.swift; sourceTree = "<group>"; };
		889FA6D02FDEE0AC000F8865 /* FHXToolCurrentView.swift */ = {isa = PBXFileReference; lastKnownFileType = sourcecode.swift; path = FHXToolCurrentView.swift; sourceTree = "<group>"; };
		88E55E802FD6E548000C065D /* file.bundle */ = {isa = PBXFileReference; lastKnownFileType = "wrapper.plug-in"; path = file.bundle; sourceTree = "<group>"; };
		88E55E822FD6FB9A000C065D /* FHXLogNotification.swift */ = {isa = PBXFileReference; lastKnownFileType = sourcecode.swift; path = FHXLogNotification.swift; sourceTree = "<group>"; };
		88E8A1D12FE78CFF00E35F61 /* ToolCurrentPopupView.swift */ = {isa = PBXFileReference; lastKnownFileType = sourcecode.swift; path = ToolCurrentPopupView.swift; sourceTree = "<group>"; };
		88E8A1D32FE78CFF00E35F61 /* ToolHistoryPopupView.swift */ = {isa = PBXFileReference; lastKnownFileType = sourcecode.swift; path = ToolHistoryPopupView.swift; sourceTree = "<group>"; };
		88E8A1D52FE78CFF00E35F61 /* FHXToolMenuCell.swift */ = {isa = PBXFileReference; lastKnownFileType = sourcecode.swift; path = FHXToolMenuCell.swift; sourceTree = "<group>"; };
		88E8A1D62FE78CFF00E35F61 /* FHXToolMenuView.swift */ = {isa = PBXFileReference; lastKnownFileType = sourcecode.swift; path = FHXToolMenuView.swift; sourceTree = "<group>"; };
		88E8A1D72FE78CFF00E35F61 /* FHXToolSubMenuCell.swift */ = {isa = PBXFileReference; lastKnownFileType = sourcecode.swift; path = FHXToolSubMenuCell.swift; sourceTree = "<group>"; };
		88E8A1D82FE78CFF00E35F61 /* FHXToolSubMenuView.swift */ = {isa = PBXFileReference; lastKnownFileType = sourcecode.swift; path = FHXToolSubMenuView.swift; sourceTree = "<group>"; };
		88E8A1E02FE79EC900E35F61 /* FHXSearchView.swift */ = {isa = PBXFileReference; lastKnownFileType = sourcecode.swift; path = FHXSearchView.swift; sourceTree = "<group>"; };
		D353D6D9F689423FACD14AE9 /* Pods_SwiftDemol.framework */ = {isa = PBXFileReference; explicitFileType = wrapper.framework; includeInIndex = 0; path = Pods_SwiftDemol.framework; sourceTree = BUILT_PRODUCTS_DIR; };
		D4E88744082327E7CB68A8E6 /* Pods-SwiftDemol.release.xcconfig */ = {isa = PBXFileReference; includeInIndex = 1; lastKnownFileType = text.xcconfig; name = "Pods-SwiftDemol.release.xcconfig"; path = "Target Support Files/Pods-SwiftDemol/Pods-SwiftDemol.release.xcconfig"; sourceTree = "<group>"; };
		DC0004C1C6A6C906BE0C0574 /* Pods-SwiftDemol.debug.xcconfig */ = {isa = PBXFileReference; includeInIndex = 1; lastKnownFileType = text.xcconfig; name = "Pods-SwiftDemol.debug.xcconfig"; path = "Target Support Files/Pods-SwiftDemol/Pods-SwiftDemol.debug.xcconfig"; sourceTree = "<group>"; };
/* End PBXFileReference section */

/* Begin PBXFrameworksBuildPhase section */
		3F795DC8284F408C00D585B4 /* Frameworks */ = {
			isa = PBXFrameworksBuildPhase;
			buildActionMask = 2147483647;
			files = (
				49AE62EC9825619C4DA5B8DD /* Pods_SwiftDemol.framework in Frameworks */,
			);
			runOnlyForDeploymentPostprocessing = 0;
		};
/* End PBXFrameworksBuildPhase section */

/* Begin PBXGroup section */
		2D6B1D7F2FDBA59C00B9B9B2 /* NavigationView */ = {
			isa = PBXGroup;
			children = (
				2D6B1D7D2FDBA59C00B9B9B2 /* FHXNavigationView.swift */,
				889FA6D02FDEE0AC000F8865 /* FHXToolCurrentView.swift */,
				8894E5A02FE2C62C00382BB0 /* FHXToolHistoryView.swift */,
				88E8A1E02FE79EC900E35F61 /* FHXSearchView.swift */,
			);
			path = NavigationView;
			sourceTree = "<group>";
		};
		3F795DC2284F408C00D585B4 = {
			isa = PBXGroup;
			children = (
				3F795DCD284F408C00D585B4 /* SwiftDemol */,
				3F795DCC284F408C00D585B4 /* Products */,
				930FD0F6DD6DBCA1155B9611 /* Pods */,
				FA59924587F630D01B33C53A /* Frameworks */,
			);
			sourceTree = "<group>";
		};
		3F795DCC284F408C00D585B4 /* Products */ = {
			isa = PBXGroup;
			children = (
				3F795DCB284F408C00D585B4 /* SwiftDemol.app */,
			);
			name = Products;
			sourceTree = "<group>";
		};
		3F795DCD284F408C00D585B4 /* SwiftDemol */ = {
			isa = PBXGroup;
			children = (
				2D52BB112FD96193003E34FA /* SPMacro.swift */,
				3F795DCE284F408C00D585B4 /* AppDelegate.swift */,
				3F795DD0284F408C00D585B4 /* SceneDelegate.swift */,
				3F795DD2284F408C00D585B4 /* ViewController.swift */,
				2D7DA8F62FD129E600E83F11 /* FHXLog.swift */,
				2D7DA8F82FD12A6700E83F11 /* FHXLogStore.swift */,
				88E55E822FD6FB9A000C065D /* FHXLogNotification.swift */,
				889FA6C52FDD76B6000F8865 /* FHXExportView.swift */,
				8878B49B2FFFE304005C6907 /* Format.swift */,
				8895198D2FED551F00E43CF0 /* NetworkInterceptor */,
				88E8A1D92FE78CFF00E35F61 /* PopupView */,
				889FA6C92FDEDD51000F8865 /* Log */,
				2D6B1D7F2FDBA59C00B9B9B2 /* NavigationView */,
				88E55E802FD6E548000C065D /* file.bundle */,
				3F795DD4284F408C00D585B4 /* Main.storyboard */,
				3F795DD7284F408D00D585B4 /* Assets.xcassets */,
				3F795DD9284F408D00D585B4 /* LaunchScreen.storyboard */,
				3F795DDC284F408D00D585B4 /* Info.plist */,
				2D6B1FCF2FDBF97C00B9B9B2 /* Documentation.swift */,
			);
			path = SwiftDemol;
			sourceTree = "<group>";
		};
		8895198D2FED551F00E43CF0 /* NetworkInterceptor */ = {
			isa = PBXGroup;
			children = (
				8895198E2FED553B00E43CF0 /* FHXNetworkLogModel.swift */,
				889519902FED555700E43CF0 /* FHXNetworkStore.swift */,
				889519922FED569E00E43CF0 /* FHXDebugKit.swift */,
				889519942FED56B100E43CF0 /* FHXNetworkInterceptor.swift */,
				889519982FED586F00E43CF0 /* URLSessionConfiguration+Swizzle.swift */,
				8895199A2FED5A5800E43CF0 /* FHXURLProtocol.swift */,
				8890CE572FEF5D1E003D76E4 /* FHXURLSessionSwizzle.swift */,
				8890CE582FEF5D1E003D76E4 /* URLSession+FHXCompletion.swift */,
				8890CE592FEF5D1E003D76E4 /* URLSessionTask+FHX.swift */,
			);
			path = NetworkInterceptor;
			sourceTree = "<group>";
		};
		889FA6C92FDEDD51000F8865 /* Log */ = {
			isa = PBXGroup;
			children = (
				889FA6C72FDEDD51000F8865 /* FHXLogCell.swift */,
				889FA6C82FDEDD51000F8865 /* FHXLogViewController.swift */,
			);
			path = Log;
			sourceTree = "<group>";
		};
		88E8A1D22FE78CFF00E35F61 /* ToolCurrentPopupView */ = {
			isa = PBXGroup;
			children = (
				88E8A1D12FE78CFF00E35F61 /* ToolCurrentPopupView.swift */,
			);
			path = ToolCurrentPopupView;
			sourceTree = "<group>";
		};
		88E8A1D42FE78CFF00E35F61 /* ToolHistoryPopupView */ = {
			isa = PBXGroup;
			children = (
				88E8A1D32FE78CFF00E35F61 /* ToolHistoryPopupView.swift */,
			);
			path = ToolHistoryPopupView;
			sourceTree = "<group>";
		};
		88E8A1D92FE78CFF00E35F61 /* PopupView */ = {
			isa = PBXGroup;
			children = (
				88E8A1D22FE78CFF00E35F61 /* ToolCurrentPopupView */,
				88E8A1D42FE78CFF00E35F61 /* ToolHistoryPopupView */,
				88E8A1D52FE78CFF00E35F61 /* FHXToolMenuCell.swift */,
				88E8A1D62FE78CFF00E35F61 /* FHXToolMenuView.swift */,
				88E8A1D72FE78CFF00E35F61 /* FHXToolSubMenuCell.swift */,
				88E8A1D82FE78CFF00E35F61 /* FHXToolSubMenuView.swift */,
			);
			path = PopupView;
			sourceTree = "<group>";
		};
		930FD0F6DD6DBCA1155B9611 /* Pods */ = {
			isa = PBXGroup;
			children = (
				DC0004C1C6A6C906BE0C0574 /* Pods-SwiftDemol.debug.xcconfig */,
				D4E88744082327E7CB68A8E6 /* Pods-SwiftDemol.release.xcconfig */,
			);
			path = Pods;
			sourceTree = "<group>";
		};
		FA59924587F630D01B33C53A /* Frameworks */ = {
			isa = PBXGroup;
			children = (
				D353D6D9F689423FACD14AE9 /* Pods_SwiftDemol.framework */,
			);
			name = Frameworks;
			sourceTree = "<group>";
		};
/* End PBXGroup section */

/* Begin PBXNativeTarget section */
		3F795DCA284F408C00D585B4 /* SwiftDemol */ = {
			isa = PBXNativeTarget;
			buildConfigurationList = 3F795DDF284F408D00D585B4 /* Build configuration list for PBXNativeTarget "SwiftDemol" */;
			buildPhases = (
				BD41D386A9D365D559955F2A /* [CP] Check Pods Manifest.lock */,
				3F795DC7284F408C00D585B4 /* Sources */,
				3F795DC8284F408C00D585B4 /* Frameworks */,
				3F795DC9284F408C00D585B4 /* Resources */,
				8B079684D96BA8F7934764F7 /* [CP] Embed Pods Frameworks */,
			);
			buildRules = (
			);
			dependencies = (
			);
			name = SwiftDemol;
			productName = SwiftDemol;
			productReference = 3F795DCB284F408C00D585B4 /* SwiftDemol.app */;
			productType = "com.apple.product-type.application";
		};
/* End PBXNativeTarget section */

/* Begin PBXProject section */
		3F795DC3284F408C00D585B4 /* Project object */ = {
			isa = PBXProject;
			attributes = {
				BuildIndependentTargetsInParallel = 1;
				LastSwiftUpdateCheck = 1340;
				LastUpgradeCheck = 1340;
				TargetAttributes = {
					3F795DCA284F408C00D585B4 = {
						CreatedOnToolsVersion = 13.4;
					};
				};
			};
			buildConfigurationList = 3F795DC6284F408C00D585B4 /* Build configuration list for PBXProject "SwiftDemol" */;
			compatibilityVersion = "Xcode 13.0";
			developmentRegion = en;
			hasScannedForEncodings = 0;
			knownRegions = (
				en,
				Base,
			);
			mainGroup = 3F795DC2284F408C00D585B4;
			productRefGroup = 3F795DCC284F408C00D585B4 /* Products */;
			projectDirPath = "";
			projectRoot = "";
			targets = (
				3F795DCA284F408C00D585B4 /* SwiftDemol */,
			);
		};
/* End PBXProject section */

/* Begin PBXResourcesBuildPhase section */
		3F795DC9284F408C00D585B4 /* Resources */ = {
			isa = PBXResourcesBuildPhase;
			buildActionMask = 2147483647;
			files = (
				3F795DDB284F408D00D585B4 /* LaunchScreen.storyboard in Resources */,
				3F795DD8284F408D00D585B4 /* Assets.xcassets in Resources */,
				3F795DD6284F408C00D585B4 /* Main.storyboard in Resources */,
				88E55E812FD6E548000C065D /* file.bundle in Resources */,
			);
			runOnlyForDeploymentPostprocessing = 0;
		};
/* End PBXResourcesBuildPhase section */

/* Begin PBXShellScriptBuildPhase section */
		8B079684D96BA8F7934764F7 /* [CP] Embed Pods Frameworks */ = {
			isa = PBXShellScriptBuildPhase;
			buildActionMask = 2147483647;
			files = (
			);
			inputFileListPaths = (
				"${PODS_ROOT}/Target Support Files/Pods-SwiftDemol/Pods-SwiftDemol-frameworks-${CONFIGURATION}-input-files.xcfilelist",
			);
			inputPaths = (
			);
			name = "[CP] Embed Pods Frameworks";
			outputFileListPaths = (
				"${PODS_ROOT}/Target Support Files/Pods-SwiftDemol/Pods-SwiftDemol-frameworks-${CONFIGURATION}-output-files.xcfilelist",
			);
			outputPaths = (
			);
			runOnlyForDeploymentPostprocessing = 0;
			shellPath = /bin/sh;
			shellScript = "\"${PODS_ROOT}/Target Support Files/Pods-SwiftDemol/Pods-SwiftDemol-frameworks.sh\"\n";
			showEnvVarsInLog = 0;
		};
		BD41D386A9D365D559955F2A /* [CP] Check Pods Manifest.lock */ = {
			isa = PBXShellScriptBuildPhase;
			buildActionMask = 2147483647;
			files = (
			);
			inputFileListPaths = (
			);
			inputPaths = (
				"${PODS_PODFILE_DIR_PATH}/Podfile.lock",
				"${PODS_ROOT}/Manifest.lock",
			);
			name = "[CP] Check Pods Manifest.lock";
			outputFileListPaths = (
			);
			outputPaths = (
				"$(DERIVED_FILE_DIR)/Pods-SwiftDemol-checkManifestLockResult.txt",
			);
			runOnlyForDeploymentPostprocessing = 0;
			shellPath = /bin/sh;
			shellScript = "diff \"${PODS_PODFILE_DIR_PATH}/Podfile.lock\" \"${PODS_ROOT}/Manifest.lock\" > /dev/null\nif [ $? != 0 ] ; then\n    # print error to STDERR\n    echo \"error: The sandbox is not in sync with the Podfile.lock. Run 'pod install' or update your CocoaPods installation.\" >&2\n    exit 1\nfi\n# This output is used by Xcode 'outputs' to avoid re-running this script phase.\necho \"SUCCESS\" > \"${SCRIPT_OUTPUT_FILE_0}\"\n";
			showEnvVarsInLog = 0;
		};
/* End PBXShellScriptBuildPhase section */

/* Begin PBXSourcesBuildPhase section */
		3F795DC7284F408C00D585B4 /* Sources */ = {
			isa = PBXSourcesBuildPhase;
			buildActionMask = 2147483647;
			files = (
				889FA6CA2FDEDD51000F8865 /* FHXLogViewController.swift in Sources */,
				889FA6CB2FDEDD51000F8865 /* FHXLogCell.swift in Sources */,
				3F795DD3284F408C00D585B4 /* ViewController.swift in Sources */,
				88E8A1DA2FE78CFF00E35F61 /* FHXToolSubMenuView.swift in Sources */,
				88E8A1DB2FE78CFF00E35F61 /* ToolHistoryPopupView.swift in Sources */,
				88E8A1DC2FE78CFF00E35F61 /* ToolCurrentPopupView.swift in Sources */,
				88E8A1DD2FE78CFF00E35F61 /* FHXToolMenuView.swift in Sources */,
				8890CE5A2FEF5D1E003D76E4 /* FHXURLSessionSwizzle.swift in Sources */,
				8890CE5B2FEF5D1E003D76E4 /* URLSession+FHXCompletion.swift in Sources */,
				8890CE5C2FEF5D1E003D76E4 /* URLSessionTask+FHX.swift in Sources */,
				889519912FED555700E43CF0 /* FHXNetworkStore.swift in Sources */,
				88E8A1DE2FE78CFF00E35F61 /* FHXToolSubMenuCell.swift in Sources */,
				88E8A1DF2FE78CFF00E35F61 /* FHXToolMenuCell.swift in Sources */,
				889519952FED56B100E43CF0 /* FHXNetworkInterceptor.swift in Sources */,
				3F795DCF284F408C00D585B4 /* AppDelegate.swift in Sources */,
				8894E5A12FE2C62C00382BB0 /* FHXToolHistoryView.swift in Sources */,
				2D6B1D812FDBA59C00B9B9B2 /* FHXNavigationView.swift in Sources */,
				889519992FED586F00E43CF0 /* URLSessionConfiguration+Swizzle.swift in Sources */,
				889FA6D12FDEE0AC000F8865 /* FHXToolCurrentView.swift in Sources */,
				8895199B2FED5A5800E43CF0 /* FHXURLProtocol.swift in Sources */,
				889FA6C62FDD76B6000F8865 /* FHXExportView.swift in Sources */,
				88E8A1E12FE79EC900E35F61 /* FHXSearchView.swift in Sources */,
				88E55E832FD6FB9A000C065D /* FHXLogNotification.swift in Sources */,
				889519932FED569E00E43CF0 /* FHXDebugKit.swift in Sources */,
				2D52BB122FD96193003E34FA /* SPMacro.swift in Sources */,
				2D7DA8F92FD12A6700E83F11 /* FHXLogStore.swift in Sources */,
				8895198F2FED553B00E43CF0 /* FHXNetworkLogModel.swift in Sources */,
				3F795DD1284F408C00D585B4 /* SceneDelegate.swift in Sources */,
				8878B49C2FFFE304005C6907 /* Format.swift in Sources */,
				2D7DA8F72FD129E600E83F11 /* FHXLog.swift in Sources */,
				2D6B1FD02FDBF97C00B9B9B2 /* Documentation.swift in Sources */,
			);
			runOnlyForDeploymentPostprocessing = 0;
		};
/* End PBXSourcesBuildPhase section */

/* Begin PBXVariantGroup section */
		3F795DD4284F408C00D585B4 /* Main.storyboard */ = {
			isa = PBXVariantGroup;
			children = (
				3F795DD5284F408C00D585B4 /* Base */,
			);
			name = Main.storyboard;
			sourceTree = "<group>";
		};
		3F795DD9284F408D00D585B4 /* LaunchScreen.storyboard */ = {
			isa = PBXVariantGroup;
			children = (
				3F795DDA284F408D00D585B4 /* Base */,
			);
			name = LaunchScreen.storyboard;
			sourceTree = "<group>";
		};
/* End PBXVariantGroup section */

/* Begin XCBuildConfiguration section */
		3F795DDD284F408D00D585B4 /* Debug */ = {
			isa = XCBuildConfiguration;
			buildSettings = {
				ALWAYS_SEARCH_USER_PATHS = NO;
				CLANG_ANALYZER_NONNULL = YES;
				CLANG_ANALYZER_NUMBER_OBJECT_CONVERSION = YES_AGGRESSIVE;
				CLANG_CXX_LANGUAGE_STANDARD = "gnu++17";
				CLANG_ENABLE_MODULES = YES;
				CLANG_ENABLE_OBJC_ARC = YES;
				CLANG_ENABLE_OBJC_WEAK = YES;
				CLANG_WARN_BLOCK_CAPTURE_AUTORELEASING = YES;
				CLANG_WARN_BOOL_CONVERSION = YES;
				CLANG_WARN_COMMA = YES;
				CLANG_WARN_CONSTANT_CONVERSION = YES;
				CLANG_WARN_DEPRECATED_OBJC_IMPLEMENTATIONS = YES;
				CLANG_WARN_DIRECT_OBJC_ISA_USAGE = YES_ERROR;
				CLANG_WARN_DOCUMENTATION_COMMENTS = YES;
				CLANG_WARN_EMPTY_BODY = YES;
				CLANG_WARN_ENUM_CONVERSION = YES;
				CLANG_WARN_INFINITE_RECURSION = YES;
				CLANG_WARN_INT_CONVERSION = YES;
				CLANG_WARN_NON_LITERAL_NULL_CONVERSION = YES;
				CLANG_WARN_OBJC_IMPLICIT_RETAIN_SELF = YES;
				CLANG_WARN_OBJC_LITERAL_CONVERSION = YES;
				CLANG_WARN_OBJC_ROOT_CLASS = YES_ERROR;
				CLANG_WARN_QUOTED_INCLUDE_IN_FRAMEWORK_HEADER = YES;
				CLANG_WARN_RANGE_LOOP_ANALYSIS = YES;
				CLANG_WARN_STRICT_PROTOTYPES = YES;
				CLANG_WARN_SUSPICIOUS_MOVE = YES;
				CLANG_WARN_UNGUARDED_AVAILABILITY = YES_AGGRESSIVE;
				CLANG_WARN_UNREACHABLE_CODE = YES;
				CLANG_WARN__DUPLICATE_METHOD_MATCH = YES;
				COPY_PHASE_STRIP = NO;
				DEBUG_INFORMATION_FORMAT = dwarf;
				ENABLE_STRICT_OBJC_MSGSEND = YES;
				ENABLE_TESTABILITY = YES;
				GCC_C_LANGUAGE_STANDARD = gnu11;
				GCC_DYNAMIC_NO_PIC = NO;
				GCC_NO_COMMON_BLOCKS = YES;
				GCC_OPTIMIZATION_LEVEL = 0;
				GCC_PREPROCESSOR_DEFINITIONS = (
					"DEBUG=1",
					"$(inherited)",
				);
				GCC_WARN_64_TO_32_BIT_CONVERSION = YES;
				GCC_WARN_ABOUT_RETURN_TYPE = YES_ERROR;
				GCC_WARN_UNDECLARED_SELECTOR = YES;
				GCC_WARN_UNINITIALIZED_AUTOS = YES_AGGRESSIVE;
				GCC_WARN_UNUSED_FUNCTION = YES;
				GCC_WARN_UNUSED_VARIABLE = YES;
				IPHONEOS_DEPLOYMENT_TARGET = 15.5;
				MTL_ENABLE_DEBUG_INFO = INCLUDE_SOURCE;
				MTL_FAST_MATH = YES;
				ONLY_ACTIVE_ARCH = YES;
				SDKROOT = iphoneos;
				SWIFT_ACTIVE_COMPILATION_CONDITIONS = DEBUG;
				SWIFT_OPTIMIZATION_LEVEL = "-Onone";
			};
			name = Debug;
		};
		3F795DDE284F408D00D585B4 /* Release */ = {
			isa = XCBuildConfiguration;
			buildSettings = {
				ALWAYS_SEARCH_USER_PATHS = NO;
				CLANG_ANALYZER_NONNULL = YES;
				CLANG_ANALYZER_NUMBER_OBJECT_CONVERSION = YES_AGGRESSIVE;
				CLANG_CXX_LANGUAGE_STANDARD = "gnu++17";
				CLANG_ENABLE_MODULES = YES;
				CLANG_ENABLE_OBJC_ARC = YES;
				CLANG_ENABLE_OBJC_WEAK = YES;
				CLANG_WARN_BLOCK_CAPTURE_AUTORELEASING = YES;
				CLANG_WARN_BOOL_CONVERSION = YES;
				CLANG_WARN_COMMA = YES;
				CLANG_WARN_CONSTANT_CONVERSION = YES;
				CLANG_WARN_DEPRECATED_OBJC_IMPLEMENTATIONS = YES;
				CLANG_WARN_DIRECT_OBJC_ISA_USAGE = YES_ERROR;
				CLANG_WARN_DOCUMENTATION_COMMENTS = YES;
				CLANG_WARN_EMPTY_BODY = YES;
				CLANG_WARN_ENUM_CONVERSION = YES;
				CLANG_WARN_INFINITE_RECURSION = YES;
				CLANG_WARN_INT_CONVERSION = YES;
				CLANG_WARN_NON_LITERAL_NULL_CONVERSION = YES;
				CLANG_WARN_OBJC_IMPLICIT_RETAIN_SELF = YES;
				CLANG_WARN_OBJC_LITERAL_CONVERSION = YES;
				CLANG_WARN_OBJC_ROOT_CLASS = YES_ERROR;
				CLANG_WARN_QUOTED_INCLUDE_IN_FRAMEWORK_HEADER = YES;
				CLANG_WARN_RANGE_LOOP_ANALYSIS = YES;
				CLANG_WARN_STRICT_PROTOTYPES = YES;
				CLANG_WARN_SUSPICIOUS_MOVE = YES;
				CLANG_WARN_UNGUARDED_AVAILABILITY = YES_AGGRESSIVE;
				CLANG_WARN_UNREACHABLE_CODE = YES;
				CLANG_WARN__DUPLICATE_METHOD_MATCH = YES;
				COPY_PHASE_STRIP = NO;
				DEBUG_INFORMATION_FORMAT = "dwarf-with-dsym";
				ENABLE_NS_ASSERTIONS = NO;
				ENABLE_STRICT_OBJC_MSGSEND = YES;
				GCC_C_LANGUAGE_STANDARD = gnu11;
				GCC_NO_COMMON_BLOCKS = YES;
				GCC_WARN_64_TO_32_BIT_CONVERSION = YES;
				GCC_WARN_ABOUT_RETURN_TYPE = YES_ERROR;
				GCC_WARN_UNDECLARED_SELECTOR = YES;
				GCC_WARN_UNINITIALIZED_AUTOS = YES_AGGRESSIVE;
				GCC_WARN_UNUSED_FUNCTION = YES;
				GCC_WARN_UNUSED_VARIABLE = YES;
				IPHONEOS_DEPLOYMENT_TARGET = 15.5;
				MTL_ENABLE_DEBUG_INFO = NO;
				MTL_FAST_MATH = YES;
				SDKROOT = iphoneos;
				SWIFT_COMPILATION_MODE = wholemodule;
				SWIFT_OPTIMIZATION_LEVEL = "-O";
				VALIDATE_PRODUCT = YES;
			};
			name = Release;
		};
		3F795DE0284F408D00D585B4 /* Debug */ = {
			isa = XCBuildConfiguration;
			baseConfigurationReference = DC0004C1C6A6C906BE0C0574 /* Pods-SwiftDemol.debug.xcconfig */;
			buildSettings = {
				ASSETCATALOG_COMPILER_APPICON_NAME = AppIcon;
				ASSETCATALOG_COMPILER_GLOBAL_ACCENT_COLOR_NAME = AccentColor;
				CODE_SIGN_STYLE = Automatic;
				CURRENT_PROJECT_VERSION = 1;
				DEVELOPMENT_TEAM = 65VAKX7D88;
				GENERATE_INFOPLIST_FILE = YES;
				INFOPLIST_FILE = SwiftDemol/Info.plist;
				INFOPLIST_KEY_CFBundleDisplayName = xxxxxx;
				INFOPLIST_KEY_NSAppleMusicUsageDescription = "App 需要您的同意才能读取媒体资料库";
				INFOPLIST_KEY_UIApplicationSupportsIndirectInputEvents = YES;
				INFOPLIST_KEY_UILaunchStoryboardName = LaunchScreen;
				INFOPLIST_KEY_UISupportedInterfaceOrientations_iPad = "UIInterfaceOrientationPortrait UIInterfaceOrientationPortraitUpsideDown UIInterfaceOrientationLandscapeLeft UIInterfaceOrientationLandscapeRight";
				INFOPLIST_KEY_UISupportedInterfaceOrientations_iPhone = "UIInterfaceOrientationPortrait UIInterfaceOrientationLandscapeLeft UIInterfaceOrientationLandscapeRight";
				IPHONEOS_DEPLOYMENT_TARGET = 14.0;
				LD_RUNPATH_SEARCH_PATHS = (
					"$(inherited)",
					"@executable_path/Frameworks",
				);
				MARKETING_VERSION = 1.0;
				PRODUCT_BUNDLE_IDENTIFIER = com.naxos.apple.moods;
				PRODUCT_NAME = "$(TARGET_NAME)";
				SWIFT_EMIT_LOC_STRINGS = YES;
				SWIFT_VERSION = 5.0;
				TARGETED_DEVICE_FAMILY = 1;
			};
			name = Debug;
		};
		3F795DE1284F408D00D585B4 /* Release */ = {
			isa = XCBuildConfiguration;
			baseConfigurationReference = D4E88744082327E7CB68A8E6 /* Pods-SwiftDemol.release.xcconfig */;
			buildSettings = {
				ASSETCATALOG_COMPILER_APPICON_NAME = AppIcon;
				ASSETCATALOG_COMPILER_GLOBAL_ACCENT_COLOR_NAME = AccentColor;
				CODE_SIGN_STYLE = Automatic;
				CURRENT_PROJECT_VERSION = 1;
				DEVELOPMENT_TEAM = 65VAKX7D88;
				GENERATE_INFOPLIST_FILE = YES;
				INFOPLIST_FILE = SwiftDemol/Info.plist;
				INFOPLIST_KEY_CFBundleDisplayName = xxxxxx;
				INFOPLIST_KEY_NSAppleMusicUsageDescription = "App 需要您的同意才能读取媒体资料库";
				INFOPLIST_KEY_UIApplicationSupportsIndirectInputEvents = YES;
				INFOPLIST_KEY_UILaunchStoryboardName = LaunchScreen;
				INFOPLIST_KEY_UISupportedInterfaceOrientations_iPad = "UIInterfaceOrientationPortrait UIInterfaceOrientationPortraitUpsideDown UIInterfaceOrientationLandscapeLeft UIInterfaceOrientationLandscapeRight";
				INFOPLIST_KEY_UISupportedInterfaceOrientations_iPhone = "UIInterfaceOrientationPortrait UIInterfaceOrientationLandscapeLeft UIInterfaceOrientationLandscapeRight";
				IPHONEOS_DEPLOYMENT_TARGET = 14.0;
				LD_RUNPATH_SEARCH_PATHS = (
					"$(inherited)",
					"@executable_path/Frameworks",
				);
				MARKETING_VERSION = 1.0;
				PRODUCT_BUNDLE_IDENTIFIER = com.naxos.apple.moods;
				PRODUCT_NAME = "$(TARGET_NAME)";
				SWIFT_EMIT_LOC_STRINGS = YES;
				SWIFT_VERSION = 5.0;
				TARGETED_DEVICE_FAMILY = 1;
			};
			name = Release;
		};
/* End XCBuildConfiguration section */

/* Begin XCConfigurationList section */
		3F795DC6284F408C00D585B4 /* Build configuration list for PBXProject "SwiftDemol" */ = {
			isa = XCConfigurationList;
			buildConfigurations = (
				3F795DDD284F408D00D585B4 /* Debug */,
				3F795DDE284F408D00D585B4 /* Release */,
			);
			defaultConfigurationIsVisible = 0;
			defaultConfigurationName = Release;
		};
		3F795DDF284F408D00D585B4 /* Build configuration list for PBXNativeTarget "SwiftDemol" */ = {
			isa = XCConfigurationList;
			buildConfigurations = (
				3F795DE0284F408D00D585B4 /* Debug */,
				3F795DE1284F408D00D585B4 /* Release */,
			);
			defaultConfigurationIsVisible = 0;
			defaultConfigurationName = Release;
		};
/* End XCConfigurationList section */
	};
	rootObject = 3F795DC3284F408C00D585B4 /* Project object */;
}
